// !$*UTF8*$!
{
	archiveVersion = 1;
	classes = {
	};
	objectVersion = 55;
	objects = {

/* Begin PBXBuildFile section */
		24606F7E2938F74D004FFAD0 /* arSuccessSatu.swift in Sources */ = {isa = PBXBuildFile; fileRef = 24606F7C2938F74D004FFAD0 /* arSuccessSatu.swift */; };
		24606F7F2938F74D004FFAD0 /* arSuccessSatu.xib in Resources */ = {isa = PBXBuildFile; fileRef = 24606F7D2938F74D004FFAD0 /* arSuccessSatu.xib */; };
		24C10695293903A000DD3C5E /* arSuccessDua.swift in Sources */ = {isa = PBXBuildFile; fileRef = 24C10693293903A000DD3C5E /* arSuccessDua.swift */; };
		24C10696293903A000DD3C5E /* arSuccessDua.xib in Resources */ = {isa = PBXBuildFile; fileRef = 24C10694293903A000DD3C5E /* arSuccessDua.xib */; };
		24C106992939043C00DD3C5E /* arSuccessTiga.swift in Sources */ = {isa = PBXBuildFile; fileRef = 24C106972939043B00DD3C5E /* arSuccessTiga.swift */; };
		24C1069A2939043C00DD3C5E /* arSuccessTiga.xib in Resources */ = {isa = PBXBuildFile; fileRef = 24C106982939043C00DD3C5E /* arSuccessTiga.xib */; };
		24C1069D293904D700DD3C5E /* arSuccessEmpat.xib in Resources */ = {isa = PBXBuildFile; fileRef = 24C1069B293904D700DD3C5E /* arSuccessEmpat.xib */; };
		24C1069E293904D700DD3C5E /* arSuccessEmpat.swift in Sources */ = {isa = PBXBuildFile; fileRef = 24C1069C293904D700DD3C5E /* arSuccessEmpat.swift */; };
		24C106A1293906DE00DD3C5E /* arSuccessLima.swift in Sources */ = {isa = PBXBuildFile; fileRef = 24C1069F293906DD00DD3C5E /* arSuccessLima.swift */; };
		24C106A2293906DE00DD3C5E /* arSuccessLima.xib in Resources */ = {isa = PBXBuildFile; fileRef = 24C106A0293906DD00DD3C5E /* arSuccessLima.xib */; };
		24C106AA293907CA00DD3C5E /* success2DSatu.swift in Sources */ = {isa = PBXBuildFile; fileRef = 24C106A8293907CA00DD3C5E /* success2DSatu.swift */; };
		24C106AB293907CA00DD3C5E /* success2DSatu.xib in Resources */ = {isa = PBXBuildFile; fileRef = 24C106A9293907CA00DD3C5E /* success2DSatu.xib */; };
		24C106B5293908F300DD3C5E /* success2DTiga.swift in Sources */ = {isa = PBXBuildFile; fileRef = 24C106AD293908F200DD3C5E /* success2DTiga.swift */; };
		24C106B6293908F300DD3C5E /* success2DDua.xib in Resources */ = {isa = PBXBuildFile; fileRef = 24C106AE293908F200DD3C5E /* success2DDua.xib */; };
		24C106B7293908F300DD3C5E /* success2DEmpat.xib in Resources */ = {isa = PBXBuildFile; fileRef = 24C106AF293908F200DD3C5E /* success2DEmpat.xib */; };
		24C106B8293908F300DD3C5E /* success2DTiga.xib in Resources */ = {isa = PBXBuildFile; fileRef = 24C106B0293908F200DD3C5E /* success2DTiga.xib */; };
		24C106BA293908F300DD3C5E /* success2DDua.swift in Sources */ = {isa = PBXBuildFile; fileRef = 24C106B2293908F300DD3C5E /* success2DDua.swift */; };
		24C106BB293908F300DD3C5E /* success2DEmpat.swift in Sources */ = {isa = PBXBuildFile; fileRef = 24C106B3293908F300DD3C5E /* success2DEmpat.swift */; };
		24C106BE29390A3400DD3C5E /* Success2DLima.xib in Resources */ = {isa = PBXBuildFile; fileRef = 24C106BC29390A3400DD3C5E /* Success2DLima.xib */; };
		24C106BF29390A3400DD3C5E /* Success2DLima.swift in Sources */ = {isa = PBXBuildFile; fileRef = 24C106BD29390A3400DD3C5E /* Success2DLima.swift */; };
		24C106C2293CC89B00DD3C5E /* Boldhead.otf in Resources */ = {isa = PBXBuildFile; fileRef = 24C106C1293CC89B00DD3C5E /* Boldhead.otf */; };
		CB1BBDDD2939F8E100233F79 /* ViewController.swift in Sources */ = {isa = PBXBuildFile; fileRef = CB1BBDDC2939F8E100233F79 /* ViewController.swift */; };
		CB564D642936482100460BEF /* LevelLimaVC.swift in Sources */ = {isa = PBXBuildFile; fileRef = CB564D602936482100460BEF /* LevelLimaVC.swift */; };
		CB564D662936482100460BEF /* LevelLimaVC.xib in Resources */ = {isa = PBXBuildFile; fileRef = CB564D622936482100460BEF /* LevelLimaVC.xib */; };
		CB65D408292FA4900040FF8A /* LevelTigaVC.swift in Sources */ = {isa = PBXBuildFile; fileRef = CB65D406292FA4900040FF8A /* LevelTigaVC.swift */; };
		CB65D409292FA4900040FF8A /* LevelTigaVC.xib in Resources */ = {isa = PBXBuildFile; fileRef = CB65D407292FA4900040FF8A /* LevelTigaVC.xib */; };
		CB65D4142930FA2C0040FF8A /* LevelTigaCell.swift in Sources */ = {isa = PBXBuildFile; fileRef = CB65D4122930FA2C0040FF8A /* LevelTigaCell.swift */; };
		CB65D4152930FA2C0040FF8A /* LevelTigaCell.xib in Resources */ = {isa = PBXBuildFile; fileRef = CB65D4132930FA2C0040FF8A /* LevelTigaCell.xib */; };
		CB9343AB2937EE2C0030D24E /* LevelFourVC.xib in Resources */ = {isa = PBXBuildFile; fileRef = CB9343A72937EE2C0030D24E /* LevelFourVC.xib */; };
		CB9343AC2937EE2C0030D24E /* LevelFourVC.swift in Sources */ = {isa = PBXBuildFile; fileRef = CB9343A82937EE2C0030D24E /* LevelFourVC.swift */; };
		CB9343AD2937EE2C0030D24E /* LevelEmpatVC.xib in Resources */ = {isa = PBXBuildFile; fileRef = CB9343A92937EE2C0030D24E /* LevelEmpatVC.xib */; };
		CB9343AE2937EE2C0030D24E /* LevelEmpatVC.swift in Sources */ = {isa = PBXBuildFile; fileRef = CB9343AA2937EE2C0030D24E /* LevelEmpatVC.swift */; };
		CBAF6593292E339E0017B554 /* LevelSatuVC.swift in Sources */ = {isa = PBXBuildFile; fileRef = CBAF6591292E339E0017B554 /* LevelSatuVC.swift */; };
		CBAF6594292E339E0017B554 /* LevelSatuVC.xib in Resources */ = {isa = PBXBuildFile; fileRef = CBAF6592292E339E0017B554 /* LevelSatuVC.xib */; };
		CBAF6597292F232B0017B554 /* LevelDuaVC.swift in Sources */ = {isa = PBXBuildFile; fileRef = CBAF6595292F232B0017B554 /* LevelDuaVC.swift */; };
		CBAF6598292F232B0017B554 /* LevelDuaVC.xib in Resources */ = {isa = PBXBuildFile; fileRef = CBAF6596292F232B0017B554 /* LevelDuaVC.xib */; };
		CBB4115229280A6E009881DD /* AppDelegate.swift in Sources */ = {isa = PBXBuildFile; fileRef = CBB4115129280A6E009881DD /* AppDelegate.swift */; };
		CBB4115429280A6E009881DD /* SceneDelegate.swift in Sources */ = {isa = PBXBuildFile; fileRef = CBB4115329280A6E009881DD /* SceneDelegate.swift */; };
		CBB4115C29280A6E009881DD /* treasuar.xcdatamodeld in Sources */ = {isa = PBXBuildFile; fileRef = CBB4115A29280A6E009881DD /* treasuar.xcdatamodeld */; };
		CBB4115E29280A6F009881DD /* Assets.xcassets in Resources */ = {isa = PBXBuildFile; fileRef = CBB4115D29280A6F009881DD /* Assets.xcassets */; };
		CBB4116129280A6F009881DD /* LaunchScreen.storyboard in Resources */ = {isa = PBXBuildFile; fileRef = CBB4115F29280A6F009881DD /* LaunchScreen.storyboard */; };
		CBB4116C29280A6F009881DD /* treasuarTests.swift in Sources */ = {isa = PBXBuildFile; fileRef = CBB4116B29280A6F009881DD /* treasuarTests.swift */; };
		CBB4117629280A6F009881DD /* treasuarUITests.swift in Sources */ = {isa = PBXBuildFile; fileRef = CBB4117529280A6F009881DD /* treasuarUITests.swift */; };
		CBB4117829280A6F009881DD /* treasuarUITestsLaunchTests.swift in Sources */ = {isa = PBXBuildFile; fileRef = CBB4117729280A6F009881DD /* treasuarUITestsLaunchTests.swift */; };
		CBB4118829280B37009881DD /* toy.usdz in Resources */ = {isa = PBXBuildFile; fileRef = CBB4118429280B36009881DD /* toy.usdz */; };
		CBB4118929280B37009881DD /* robot.usdz in Resources */ = {isa = PBXBuildFile; fileRef = CBB4118529280B37009881DD /* robot.usdz */; };
		CBB4118A29280B37009881DD /* merah.usdz in Resources */ = {isa = PBXBuildFile; fileRef = CBB4118629280B37009881DD /* merah.usdz */; };
		CBB4118B29280B37009881DD /* floor.usdz in Resources */ = {isa = PBXBuildFile; fileRef = CBB4118729280B37009881DD /* floor.usdz */; };
		CBB4118D29281664009881DD /* Experience.rcproject in Sources */ = {isa = PBXBuildFile; fileRef = CBB4118C29281664009881DD /* Experience.rcproject */; };
		CBB4119C292907EA009881DD /* LevelTwoVC.swift in Sources */ = {isa = PBXBuildFile; fileRef = CBB4119A292907EA009881DD /* LevelTwoVC.swift */; };
		CBB4119D292907EA009881DD /* LevelTwoVC.xib in Resources */ = {isa = PBXBuildFile; fileRef = CBB4119B292907EA009881DD /* LevelTwoVC.xib */; };
		CBB411A029290823009881DD /* LevelThreeVC.swift in Sources */ = {isa = PBXBuildFile; fileRef = CBB4119E29290823009881DD /* LevelThreeVC.swift */; };
		CBB411A129290823009881DD /* LevelThreeVC.xib in Resources */ = {isa = PBXBuildFile; fileRef = CBB4119F29290823009881DD /* LevelThreeVC.xib */; };
		CBCB905829381F8D00D089D5 /* LevelOneVC.swift in Sources */ = {isa = PBXBuildFile; fileRef = CBCB905629381F8D00D089D5 /* LevelOneVC.swift */; };
		CBCB905929381F8D00D089D5 /* LevelOneVC.xib in Resources */ = {isa = PBXBuildFile; fileRef = CBCB905729381F8D00D089D5 /* LevelOneVC.xib */; };
		CBCB90602938786600D089D5 /* Main.storyboard in Resources */ = {isa = PBXBuildFile; fileRef = CBCB905E2938786600D089D5 /* Main.storyboard */; };
		CBCB90632938D12900D089D5 /* OptionSatuVC.xib in Resources */ = {isa = PBXBuildFile; fileRef = CBCB90612938D12900D089D5 /* OptionSatuVC.xib */; };
		CBCB90642938D12900D089D5 /* OptionSatuVC.swift in Sources */ = {isa = PBXBuildFile; fileRef = CBCB90622938D12900D089D5 /* OptionSatuVC.swift */; };
		CBCB90672938D13300D089D5 /* OptionDuaVC.xib in Resources */ = {isa = PBXBuildFile; fileRef = CBCB90652938D13300D089D5 /* OptionDuaVC.xib */; };
		CBCB90682938D13300D089D5 /* OptionDuaVC.swift in Sources */ = {isa = PBXBuildFile; fileRef = CBCB90662938D13300D089D5 /* OptionDuaVC.swift */; };
		CBCB906B2938D13C00D089D5 /* OptionThreeVC.swift in Sources */ = {isa = PBXBuildFile; fileRef = CBCB90692938D13C00D089D5 /* OptionThreeVC.swift */; };
		CBCB906C2938D13C00D089D5 /* OptionThreeVC.xib in Resources */ = {isa = PBXBuildFile; fileRef = CBCB906A2938D13C00D089D5 /* OptionThreeVC.xib */; };
		CBCB906F2938D14600D089D5 /* OptionFourVC.swift in Sources */ = {isa = PBXBuildFile; fileRef = CBCB906D2938D14600D089D5 /* OptionFourVC.swift */; };
		CBCB90702938D14600D089D5 /* OptionFourVC.xib in Resources */ = {isa = PBXBuildFile; fileRef = CBCB906E2938D14600D089D5 /* OptionFourVC.xib */; };
		CBCB90732938D15300D089D5 /* OptionFiveVC.swift in Sources */ = {isa = PBXBuildFile; fileRef = CBCB90712938D15200D089D5 /* OptionFiveVC.swift */; };
		CBCB90742938D15300D089D5 /* OptionFiveVC.xib in Resources */ = {isa = PBXBuildFile; fileRef = CBCB90722938D15200D089D5 /* OptionFiveVC.xib */; };
		CBCB90772938F1F800D089D5 /* LevelFiveVC.swift in Sources */ = {isa = PBXBuildFile; fileRef = CBCB90752938F1F800D089D5 /* LevelFiveVC.swift */; };
		CBCB90782938F1F800D089D5 /* LevelFiveVC.xib in Resources */ = {isa = PBXBuildFile; fileRef = CBCB90762938F1F800D089D5 /* LevelFiveVC.xib */; };
		CBCB907C2939167E00D089D5 /* koin.usdz in Resources */ = {isa = PBXBuildFile; fileRef = CBCB907B2939167E00D089D5 /* koin.usdz */; };
		CBCB907E293916AA00D089D5 /* balok.usdz in Resources */ = {isa = PBXBuildFile; fileRef = CBCB907D293916AA00D089D5 /* balok.usdz */; };
		CBCB90822939914200D089D5 /* grass.usdz in Resources */ = {isa = PBXBuildFile; fileRef = CBCB90812939914200D089D5 /* grass.usdz */; };
/* End PBXBuildFile section */

/* Begin PBXContainerItemProxy section */
		CBB4116829280A6F009881DD /* PBXContainerItemProxy */ = {
			isa = PBXContainerItemProxy;
			containerPortal = CBB4114629280A6E009881DD /* Project object */;
			proxyType = 1;
			remoteGlobalIDString = CBB4114D29280A6E009881DD;
			remoteInfo = treasuar;
		};
		CBB4117229280A6F009881DD /* PBXContainerItemProxy */ = {
			isa = PBXContainerItemProxy;
			containerPortal = CBB4114629280A6E009881DD /* Project object */;
			proxyType = 1;
			remoteGlobalIDString = CBB4114D29280A6E009881DD;
			remoteInfo = treasuar;
		};
/* End PBXContainerItemProxy section */

/* Begin PBXFileReference section */
		24606F7C2938F74D004FFAD0 /* arSuccessSatu.swift */ = {isa = PBXFileReference; lastKnownFileType = sourcecode.swift; path = arSuccessSatu.swift; sourceTree = "<group>"; };
		24606F7D2938F74D004FFAD0 /* arSuccessSatu.xib */ = {isa = PBXFileReference; lastKnownFileType = file.xib; path = arSuccessSatu.xib; sourceTree = "<group>"; };
		24C10693293903A000DD3C5E /* arSuccessDua.swift */ = {isa = PBXFileReference; fileEncoding = 4; lastKnownFileType = sourcecode.swift; path = arSuccessDua.swift; sourceTree = "<group>"; };
		24C10694293903A000DD3C5E /* arSuccessDua.xib */ = {isa = PBXFileReference; fileEncoding = 4; lastKnownFileType = file.xib; path = arSuccessDua.xib; sourceTree = "<group>"; };
		24C106972939043B00DD3C5E /* arSuccessTiga.swift */ = {isa = PBXFileReference; fileEncoding = 4; lastKnownFileType = sourcecode.swift; path = arSuccessTiga.swift; sourceTree = "<group>"; };
		24C106982939043C00DD3C5E /* arSuccessTiga.xib */ = {isa = PBXFileReference; fileEncoding = 4; lastKnownFileType = file.xib; path = arSuccessTiga.xib; sourceTree = "<group>"; };
		24C1069B293904D700DD3C5E /* arSuccessEmpat.xib */ = {isa = PBXFileReference; fileEncoding = 4; lastKnownFileType = file.xib; path = arSuccessEmpat.xib; sourceTree = "<group>"; };
		24C1069C293904D700DD3C5E /* arSuccessEmpat.swift */ = {isa = PBXFileReference; fileEncoding = 4; lastKnownFileType = sourcecode.swift; path = arSuccessEmpat.swift; sourceTree = "<group>"; };
		24C1069F293906DD00DD3C5E /* arSuccessLima.swift */ = {isa = PBXFileReference; fileEncoding = 4; lastKnownFileType = sourcecode.swift; path = arSuccessLima.swift; sourceTree = "<group>"; };
		24C106A0293906DD00DD3C5E /* arSuccessLima.xib */ = {isa = PBXFileReference; fileEncoding = 4; lastKnownFileType = file.xib; path = arSuccessLima.xib; sourceTree = "<group>"; };
		24C106A8293907CA00DD3C5E /* success2DSatu.swift */ = {isa = PBXFileReference; fileEncoding = 4; lastKnownFileType = sourcecode.swift; path = success2DSatu.swift; sourceTree = "<group>"; };
		24C106A9293907CA00DD3C5E /* success2DSatu.xib */ = {isa = PBXFileReference; fileEncoding = 4; lastKnownFileType = file.xib; path = success2DSatu.xib; sourceTree = "<group>"; };
		24C106AD293908F200DD3C5E /* success2DTiga.swift */ = {isa = PBXFileReference; fileEncoding = 4; lastKnownFileType = sourcecode.swift; path = success2DTiga.swift; sourceTree = "<group>"; };
		24C106AE293908F200DD3C5E /* success2DDua.xib */ = {isa = PBXFileReference; fileEncoding = 4; lastKnownFileType = file.xib; path = success2DDua.xib; sourceTree = "<group>"; };
		24C106AF293908F200DD3C5E /* success2DEmpat.xib */ = {isa = PBXFileReference; fileEncoding = 4; lastKnownFileType = file.xib; path = success2DEmpat.xib; sourceTree = "<group>"; };
		24C106B0293908F200DD3C5E /* success2DTiga.xib */ = {isa = PBXFileReference; fileEncoding = 4; lastKnownFileType = file.xib; path = success2DTiga.xib; sourceTree = "<group>"; };
		24C106B2293908F300DD3C5E /* success2DDua.swift */ = {isa = PBXFileReference; fileEncoding = 4; lastKnownFileType = sourcecode.swift; path = success2DDua.swift; sourceTree = "<group>"; };
		24C106B3293908F300DD3C5E /* success2DEmpat.swift */ = {isa = PBXFileReference; fileEncoding = 4; lastKnownFileType = sourcecode.swift; path = success2DEmpat.swift; sourceTree = "<group>"; };
		24C106BC29390A3400DD3C5E /* Success2DLima.xib */ = {isa = PBXFileReference; fileEncoding = 4; lastKnownFileType = file.xib; path = Success2DLima.xib; sourceTree = "<group>"; };
		24C106BD29390A3400DD3C5E /* Success2DLima.swift */ = {isa = PBXFileReference; fileEncoding = 4; lastKnownFileType = sourcecode.swift; path = Success2DLima.swift; sourceTree = "<group>"; };
		24C106C1293CC89B00DD3C5E /* Boldhead.otf */ = {isa = PBXFileReference; lastKnownFileType = file; path = Boldhead.otf; sourceTree = "<group>"; };
		CB1BBDDC2939F8E100233F79 /* ViewController.swift */ = {isa = PBXFileReference; fileEncoding = 4; lastKnownFileType = sourcecode.swift; path = ViewController.swift; sourceTree = SOURCE_ROOT; };
		CB564D602936482100460BEF /* LevelLimaVC.swift */ = {isa = PBXFileReference; fileEncoding = 4; lastKnownFileType = sourcecode.swift; path = LevelLimaVC.swift; sourceTree = "<group>"; };
		CB564D622936482100460BEF /* LevelLimaVC.xib */ = {isa = PBXFileReference; fileEncoding = 4; lastKnownFileType = file.xib; path = LevelLimaVC.xib; sourceTree = "<group>"; };
		CB65D406292FA4900040FF8A /* LevelTigaVC.swift */ = {isa = PBXFileReference; lastKnownFileType = sourcecode.swift; path = LevelTigaVC.swift; sourceTree = "<group>"; };
		CB65D407292FA4900040FF8A /* LevelTigaVC.xib */ = {isa = PBXFileReference; lastKnownFileType = file.xib; path = LevelTigaVC.xib; sourceTree = "<group>"; };
		CB65D4122930FA2C0040FF8A /* LevelTigaCell.swift */ = {isa = PBXFileReference; lastKnownFileType = sourcecode.swift; path = LevelTigaCell.swift; sourceTree = "<group>"; };
		CB65D4132930FA2C0040FF8A /* LevelTigaCell.xib */ = {isa = PBXFileReference; lastKnownFileType = file.xib; path = LevelTigaCell.xib; sourceTree = "<group>"; };
		CB9343A72937EE2C0030D24E /* LevelFourVC.xib */ = {isa = PBXFileReference; fileEncoding = 4; lastKnownFileType = file.xib; path = LevelFourVC.xib; sourceTree = "<group>"; };
		CB9343A82937EE2C0030D24E /* LevelFourVC.swift */ = {isa = PBXFileReference; fileEncoding = 4; lastKnownFileType = sourcecode.swift; path = LevelFourVC.swift; sourceTree = "<group>"; };
		CB9343A92937EE2C0030D24E /* LevelEmpatVC.xib */ = {isa = PBXFileReference; fileEncoding = 4; lastKnownFileType = file.xib; path = LevelEmpatVC.xib; sourceTree = "<group>"; };
		CB9343AA2937EE2C0030D24E /* LevelEmpatVC.swift */ = {isa = PBXFileReference; fileEncoding = 4; lastKnownFileType = sourcecode.swift; path = LevelEmpatVC.swift; sourceTree = "<group>"; };
		CBAF6591292E339E0017B554 /* LevelSatuVC.swift */ = {isa = PBXFileReference; lastKnownFileType = sourcecode.swift; path = LevelSatuVC.swift; sourceTree = "<group>"; };
		CBAF6592292E339E0017B554 /* LevelSatuVC.xib */ = {isa = PBXFileReference; lastKnownFileType = file.xib; path = LevelSatuVC.xib; sourceTree = "<group>"; };
		CBAF6595292F232B0017B554 /* LevelDuaVC.swift */ = {isa = PBXFileReference; lastKnownFileType = sourcecode.swift; path = LevelDuaVC.swift; sourceTree = "<group>"; };
		CBAF6596292F232B0017B554 /* LevelDuaVC.xib */ = {isa = PBXFileReference; lastKnownFileType = file.xib; path = LevelDuaVC.xib; sourceTree = "<group>"; };
		CBB4114E29280A6E009881DD /* treasuar.app */ = {isa = PBXFileReference; explicitFileType = wrapper.application; includeInIndex = 0; path = treasuar.app; sourceTree = BUILT_PRODUCTS_DIR; };
		CBB4115129280A6E009881DD /* AppDelegate.swift */ = {isa = PBXFileReference; lastKnownFileType = sourcecode.swift; path = AppDelegate.swift; sourceTree = "<group>"; };
		CBB4115329280A6E009881DD /* SceneDelegate.swift */ = {isa = PBXFileReference; lastKnownFileType = sourcecode.swift; path = SceneDelegate.swift; sourceTree = "<group>"; };
		CBB4115B29280A6E009881DD /* treasuar.xcdatamodel */ = {isa = PBXFileReference; lastKnownFileType = wrapper.xcdatamodel; path = treasuar.xcdatamodel; sourceTree = "<group>"; };
		CBB4115D29280A6F009881DD /* Assets.xcassets */ = {isa = PBXFileReference; lastKnownFileType = folder.assetcatalog; path = Assets.xcassets; sourceTree = "<group>"; };
		CBB4116029280A6F009881DD /* Base */ = {isa = PBXFileReference; lastKnownFileType = file.storyboard; name = Base; path = Base.lproj/LaunchScreen.storyboard; sourceTree = "<group>"; };
		CBB4116229280A6F009881DD /* Info.plist */ = {isa = PBXFileReference; lastKnownFileType = text.plist.xml; path = Info.plist; sourceTree = "<group>"; };
		CBB4116729280A6F009881DD /* treasuarTests.xctest */ = {isa = PBXFileReference; explicitFileType = wrapper.cfbundle; includeInIndex = 0; path = treasuarTests.xctest; sourceTree = BUILT_PRODUCTS_DIR; };
		CBB4116B29280A6F009881DD /* treasuarTests.swift */ = {isa = PBXFileReference; lastKnownFileType = sourcecode.swift; path = treasuarTests.swift; sourceTree = "<group>"; };
		CBB4117129280A6F009881DD /* treasuarUITests.xctest */ = {isa = PBXFileReference; explicitFileType = wrapper.cfbundle; includeInIndex = 0; path = treasuarUITests.xctest; sourceTree = BUILT_PRODUCTS_DIR; };
		CBB4117529280A6F009881DD /* treasuarUITests.swift */ = {isa = PBXFileReference; lastKnownFileType = sourcecode.swift; path = treasuarUITests.swift; sourceTree = "<group>"; };
		CBB4117729280A6F009881DD /* treasuarUITestsLaunchTests.swift */ = {isa = PBXFileReference; lastKnownFileType = sourcecode.swift; path = treasuarUITestsLaunchTests.swift; sourceTree = "<group>"; };
		CBB4118429280B36009881DD /* toy.usdz */ = {isa = PBXFileReference; lastKnownFileType = file.usdz; path = toy.usdz; sourceTree = "<group>"; };
		CBB4118529280B37009881DD /* robot.usdz */ = {isa = PBXFileReference; lastKnownFileType = file.usdz; path = robot.usdz; sourceTree = "<group>"; };
		CBB4118629280B37009881DD /* merah.usdz */ = {isa = PBXFileReference; lastKnownFileType = file.usdz; path = merah.usdz; sourceTree = "<group>"; };
		CBB4118729280B37009881DD /* floor.usdz */ = {isa = PBXFileReference; lastKnownFileType = file.usdz; path = floor.usdz; sourceTree = "<group>"; };
		CBB4118C29281664009881DD /* Experience.rcproject */ = {isa = PBXFileReference; lastKnownFileType = file.rcproject; path = Experience.rcproject; sourceTree = "<group>"; };
		CBB4119A292907EA009881DD /* LevelTwoVC.swift */ = {isa = PBXFileReference; lastKnownFileType = sourcecode.swift; path = LevelTwoVC.swift; sourceTree = "<group>"; };
		CBB4119B292907EA009881DD /* LevelTwoVC.xib */ = {isa = PBXFileReference; lastKnownFileType = file.xib; path = LevelTwoVC.xib; sourceTree = "<group>"; };
		CBB4119E29290823009881DD /* LevelThreeVC.swift */ = {isa = PBXFileReference; lastKnownFileType = sourcecode.swift; path = LevelThreeVC.swift; sourceTree = "<group>"; };
		CBB4119F29290823009881DD /* LevelThreeVC.xib */ = {isa = PBXFileReference; lastKnownFileType = file.xib; path = LevelThreeVC.xib; sourceTree = "<group>"; };
		CBCB905629381F8D00D089D5 /* LevelOneVC.swift */ = {isa = PBXFileReference; fileEncoding = 4; lastKnownFileType = sourcecode.swift; path = LevelOneVC.swift; sourceTree = "<group>"; };
		CBCB905729381F8D00D089D5 /* LevelOneVC.xib */ = {isa = PBXFileReference; fileEncoding = 4; lastKnownFileType = file.xib; path = LevelOneVC.xib; sourceTree = "<group>"; };
		CBCB905F2938786600D089D5 /* Base */ = {isa = PBXFileReference; lastKnownFileType = file.storyboard; name = Base; path = Base.lproj/Main.storyboard; sourceTree = "<group>"; };
		CBCB90612938D12900D089D5 /* OptionSatuVC.xib */ = {isa = PBXFileReference; fileEncoding = 4; lastKnownFileType = file.xib; path = OptionSatuVC.xib; sourceTree = "<group>"; };
		CBCB90622938D12900D089D5 /* OptionSatuVC.swift */ = {isa = PBXFileReference; fileEncoding = 4; lastKnownFileType = sourcecode.swift; path = OptionSatuVC.swift; sourceTree = "<group>"; };
		CBCB90652938D13300D089D5 /* OptionDuaVC.xib */ = {isa = PBXFileReference; fileEncoding = 4; lastKnownFileType = file.xib; path = OptionDuaVC.xib; sourceTree = "<group>"; };
		CBCB90662938D13300D089D5 /* OptionDuaVC.swift */ = {isa = PBXFileReference; fileEncoding = 4; lastKnownFileType = sourcecode.swift; path = OptionDuaVC.swift; sourceTree = "<group>"; };
		CBCB90692938D13C00D089D5 /* OptionThreeVC.swift */ = {isa = PBXFileReference; fileEncoding = 4; lastKnownFileType = sourcecode.swift; path = OptionThreeVC.swift; sourceTree = "<group>"; };
		CBCB906A2938D13C00D089D5 /* OptionThreeVC.xib */ = {isa = PBXFileReference; fileEncoding = 4; lastKnownFileType = file.xib; path = OptionThreeVC.xib; sourceTree = "<group>"; };
		CBCB906D2938D14600D089D5 /* OptionFourVC.swift */ = {isa = PBXFileReference; fileEncoding = 4; lastKnownFileType = sourcecode.swift; path = OptionFourVC.swift; sourceTree = "<group>"; };
		CBCB906E2938D14600D089D5 /* OptionFourVC.xib */ = {isa = PBXFileReference; fileEncoding = 4; lastKnownFileType = file.xib; path = OptionFourVC.xib; sourceTree = "<group>"; };
		CBCB90712938D15200D089D5 /* OptionFiveVC.swift */ = {isa = PBXFileReference; fileEncoding = 4; lastKnownFileType = sourcecode.swift; path = OptionFiveVC.swift; sourceTree = "<group>"; };
		CBCB90722938D15200D089D5 /* OptionFiveVC.xib */ = {isa = PBXFileReference; fileEncoding = 4; lastKnownFileType = file.xib; path = OptionFiveVC.xib; sourceTree = "<group>"; };
		CBCB90752938F1F800D089D5 /* LevelFiveVC.swift */ = {isa = PBXFileReference; fileEncoding = 4; lastKnownFileType = sourcecode.swift; path = LevelFiveVC.swift; sourceTree = "<group>"; };
		CBCB90762938F1F800D089D5 /* LevelFiveVC.xib */ = {isa = PBXFileReference; fileEncoding = 4; lastKnownFileType = file.xib; path = LevelFiveVC.xib; sourceTree = "<group>"; };
		CBCB907B2939167E00D089D5 /* koin.usdz */ = {isa = PBXFileReference; lastKnownFileType = file.usdz; path = koin.usdz; sourceTree = "<group>"; };
		CBCB907D293916AA00D089D5 /* balok.usdz */ = {isa = PBXFileReference; lastKnownFileType = file.usdz; path = balok.usdz; sourceTree = "<group>"; };
		CBCB90812939914200D089D5 /* grass.usdz */ = {isa = PBXFileReference; lastKnownFileType = file.usdz; path = grass.usdz; sourceTree = "<group>"; };
/* End PBXFileReference section */

/* Begin PBXFrameworksBuildPhase section */
		CBB4114B29280A6E009881DD /* Frameworks */ = {
			isa = PBXFrameworksBuildPhase;
			buildActionMask = 2147483647;
			files = (
			);
			runOnlyForDeploymentPostprocessing = 0;
		};
		CBB4116429280A6F009881DD /* Frameworks */ = {
			isa = PBXFrameworksBuildPhase;
			buildActionMask = 2147483647;
			files = (
			);
			runOnlyForDeploymentPostprocessing = 0;
		};
		CBB4116E29280A6F009881DD /* Frameworks */ = {
			isa = PBXFrameworksBuildPhase;
			buildActionMask = 2147483647;
			files = (
			);
			runOnlyForDeploymentPostprocessing = 0;
		};
/* End PBXFrameworksBuildPhase section */

/* Begin PBXGroup section */
		24606F7A2938F703004FFAD0 /* arSuccess */ = {
			isa = PBXGroup;
			children = (
				24C1069F293906DD00DD3C5E /* arSuccessLima.swift */,
				24C106A0293906DD00DD3C5E /* arSuccessLima.xib */,
				24C1069C293904D700DD3C5E /* arSuccessEmpat.swift */,
				24C1069B293904D700DD3C5E /* arSuccessEmpat.xib */,
				24C106972939043B00DD3C5E /* arSuccessTiga.swift */,
				24C106982939043C00DD3C5E /* arSuccessTiga.xib */,
				24C10693293903A000DD3C5E /* arSuccessDua.swift */,
				24C10694293903A000DD3C5E /* arSuccessDua.xib */,
				24606F7C2938F74D004FFAD0 /* arSuccessSatu.swift */,
				24606F7D2938F74D004FFAD0 /* arSuccessSatu.xib */,
			);
			path = arSuccess;
			sourceTree = "<group>";
		};
		24C106A32939073600DD3C5E /* success2D */ = {
			isa = PBXGroup;
			children = (
				24C106BD29390A3400DD3C5E /* Success2DLima.swift */,
				24C106BC29390A3400DD3C5E /* Success2DLima.xib */,
				24C106B2293908F300DD3C5E /* success2DDua.swift */,
				24C106AE293908F200DD3C5E /* success2DDua.xib */,
				24C106B3293908F300DD3C5E /* success2DEmpat.swift */,
				24C106AF293908F200DD3C5E /* success2DEmpat.xib */,
				24C106AD293908F200DD3C5E /* success2DTiga.swift */,
				24C106B0293908F200DD3C5E /* success2DTiga.xib */,
				24C106A8293907CA00DD3C5E /* success2DSatu.swift */,
				24C106A9293907CA00DD3C5E /* success2DSatu.xib */,
			);
			path = success2D;
			sourceTree = "<group>";
		};
		24C106C0293CC7EA00DD3C5E /* Boldhead */ = {
			isa = PBXGroup;
			children = (
				24C106C1293CC89B00DD3C5E /* Boldhead.otf */,
			);
			path = Boldhead;
			sourceTree = "<group>";
		};
		CB65D41E29338FD30040FF8A /* popUp */ = {
			isa = PBXGroup;
			children = (
				24C106A32939073600DD3C5E /* success2D */,
				24606F7A2938F703004FFAD0 /* arSuccess */,
			);
			path = popUp;
			sourceTree = "<group>";
		};
		CBB4114529280A6E009881DD = {
			isa = PBXGroup;
			children = (
				CBB4115029280A6E009881DD /* treasuar */,
				CBB4116A29280A6F009881DD /* treasuarTests */,
				CBB4117429280A6F009881DD /* treasuarUITests */,
				CBB4114F29280A6E009881DD /* Products */,
			);
			sourceTree = "<group>";
		};
		CBB4114F29280A6E009881DD /* Products */ = {
			isa = PBXGroup;
			children = (
				CBB4114E29280A6E009881DD /* treasuar.app */,
				CBB4116729280A6F009881DD /* treasuarTests.xctest */,
				CBB4117129280A6F009881DD /* treasuarUITests.xctest */,
			);
			name = Products;
			sourceTree = "<group>";
		};
		CBB4115029280A6E009881DD /* treasuar */ = {
			isa = PBXGroup;
			children = (
				24C106C0293CC7EA00DD3C5E /* Boldhead */,
				CB65D41E29338FD30040FF8A /* popUp */,
				CBB411952929076B009881DD /* 3D Asset */,
				CBB4119229290708009881DD /* levelFive */,
				CBB41191292906FF009881DD /* levelFour */,
				CBB41190292906F5009881DD /* levelThree */,
				CBB4118F292906ED009881DD /* levelTwo */,
				CBB4118E292906D6009881DD /* levelOne */,
				CBB4118C29281664009881DD /* Experience.rcproject */,
				CB1BBDDC2939F8E100233F79 /* ViewController.swift */,
				CBCB905E2938786600D089D5 /* Main.storyboard */,
				CBB4115129280A6E009881DD /* AppDelegate.swift */,
				CBB4115329280A6E009881DD /* SceneDelegate.swift */,
				CBB4115D29280A6F009881DD /* Assets.xcassets */,
				CBB4115F29280A6F009881DD /* LaunchScreen.storyboard */,
				CBB4116229280A6F009881DD /* Info.plist */,
				CBB4115A29280A6E009881DD /* treasuar.xcdatamodeld */,
			);
			path = treasuar;
			sourceTree = "<group>";
		};
		CBB4116A29280A6F009881DD /* treasuarTests */ = {
			isa = PBXGroup;
			children = (
				CBB4116B29280A6F009881DD /* treasuarTests.swift */,
			);
			path = treasuarTests;
			sourceTree = "<group>";
		};
		CBB4117429280A6F009881DD /* treasuarUITests */ = {
			isa = PBXGroup;
			children = (
				CBB4117529280A6F009881DD /* treasuarUITests.swift */,
				CBB4117729280A6F009881DD /* treasuarUITestsLaunchTests.swift */,
			);
			path = treasuarUITests;
			sourceTree = "<group>";
		};
		CBB4118E292906D6009881DD /* levelOne */ = {
			isa = PBXGroup;
			children = (
				CBCB90622938D12900D089D5 /* OptionSatuVC.swift */,
				CBCB90612938D12900D089D5 /* OptionSatuVC.xib */,
				CBCB905629381F8D00D089D5 /* LevelOneVC.swift */,
				CBCB905729381F8D00D089D5 /* LevelOneVC.xib */,
				CBAF6591292E339E0017B554 /* LevelSatuVC.swift */,
				CBAF6592292E339E0017B554 /* LevelSatuVC.xib */,
			);
			path = levelOne;
			sourceTree = "<group>";
		};
		CBB4118F292906ED009881DD /* levelTwo */ = {
			isa = PBXGroup;
			children = (
				CBCB90662938D13300D089D5 /* OptionDuaVC.swift */,
				CBCB90652938D13300D089D5 /* OptionDuaVC.xib */,
				CBB4119A292907EA009881DD /* LevelTwoVC.swift */,
				CBB4119B292907EA009881DD /* LevelTwoVC.xib */,
				CBAF6595292F232B0017B554 /* LevelDuaVC.swift */,
				CBAF6596292F232B0017B554 /* LevelDuaVC.xib */,
			);
			path = levelTwo;
			sourceTree = "<group>";
		};
		CBB41190292906F5009881DD /* levelThree */ = {
			isa = PBXGroup;
			children = (
				CBCB90692938D13C00D089D5 /* OptionThreeVC.swift */,
				CBCB906A2938D13C00D089D5 /* OptionThreeVC.xib */,
				CBB4119E29290823009881DD /* LevelThreeVC.swift */,
				CBB4119F29290823009881DD /* LevelThreeVC.xib */,
				CB65D406292FA4900040FF8A /* LevelTigaVC.swift */,
				CB65D407292FA4900040FF8A /* LevelTigaVC.xib */,
				CB65D4122930FA2C0040FF8A /* LevelTigaCell.swift */,
				CB65D4132930FA2C0040FF8A /* LevelTigaCell.xib */,
			);
			path = levelThree;
			sourceTree = "<group>";
		};
		CBB41191292906FF009881DD /* levelFour */ = {
			isa = PBXGroup;
			children = (
				CBCB906D2938D14600D089D5 /* OptionFourVC.swift */,
				CBCB906E2938D14600D089D5 /* OptionFourVC.xib */,
				CB9343AA2937EE2C0030D24E /* LevelEmpatVC.swift */,
				CB9343A92937EE2C0030D24E /* LevelEmpatVC.xib */,
				CB9343A82937EE2C0030D24E /* LevelFourVC.swift */,
				CB9343A72937EE2C0030D24E /* LevelFourVC.xib */,
			);
			path = levelFour;
			sourceTree = "<group>";
		};
		CBB4119229290708009881DD /* levelFive */ = {
			isa = PBXGroup;
			children = (
				CBCB90752938F1F800D089D5 /* LevelFiveVC.swift */,
				CBCB90762938F1F800D089D5 /* LevelFiveVC.xib */,
				CBCB90712938D15200D089D5 /* OptionFiveVC.swift */,
				CBCB90722938D15200D089D5 /* OptionFiveVC.xib */,
				CB564D602936482100460BEF /* LevelLimaVC.swift */,
				CB564D622936482100460BEF /* LevelLimaVC.xib */,
			);
			path = levelFive;
			sourceTree = "<group>";
		};
		CBB411952929076B009881DD /* 3D Asset */ = {
			isa = PBXGroup;
			children = (
				CBCB90812939914200D089D5 /* grass.usdz */,
				CBCB907D293916AA00D089D5 /* balok.usdz */,
				CBCB907B2939167E00D089D5 /* koin.usdz */,
				CBB4118729280B37009881DD /* floor.usdz */,
				CBB4118629280B37009881DD /* merah.usdz */,
				CBB4118529280B37009881DD /* robot.usdz */,
				CBB4118429280B36009881DD /* toy.usdz */,
			);
			path = "3D Asset";
			sourceTree = "<group>";
		};
/* End PBXGroup section */

/* Begin PBXNativeTarget section */
		CBB4114D29280A6E009881DD /* treasuar */ = {
			isa = PBXNativeTarget;
			buildConfigurationList = CBB4117B29280A6F009881DD /* Build configuration list for PBXNativeTarget "treasuar" */;
			buildPhases = (
				CBB4114A29280A6E009881DD /* Sources */,
				CBB4114B29280A6E009881DD /* Frameworks */,
				CBB4114C29280A6E009881DD /* Resources */,
			);
			buildRules = (
			);
			dependencies = (
			);
			name = treasuar;
			productName = treasuar;
			productReference = CBB4114E29280A6E009881DD /* treasuar.app */;
			productType = "com.apple.product-type.application";
		};
		CBB4116629280A6F009881DD /* treasuarTests */ = {
			isa = PBXNativeTarget;
			buildConfigurationList = CBB4117E29280A6F009881DD /* Build configuration list for PBXNativeTarget "treasuarTests" */;
			buildPhases = (
				CBB4116329280A6F009881DD /* Sources */,
				CBB4116429280A6F009881DD /* Frameworks */,
				CBB4116529280A6F009881DD /* Resources */,
			);
			buildRules = (
			);
			dependencies = (
				CBB4116929280A6F009881DD /* PBXTargetDependency */,
			);
			name = treasuarTests;
			productName = treasuarTests;
			productReference = CBB4116729280A6F009881DD /* treasuarTests.xctest */;
			productType = "com.apple.product-type.bundle.unit-test";
		};
		CBB4117029280A6F009881DD /* treasuarUITests */ = {
			isa = PBXNativeTarget;
			buildConfigurationList = CBB4118129280A6F009881DD /* Build configuration list for PBXNativeTarget "treasuarUITests" */;
			buildPhases = (
				CBB4116D29280A6F009881DD /* Sources */,
				CBB4116E29280A6F009881DD /* Frameworks */,
				CBB4116F29280A6F009881DD /* Resources */,
			);
			buildRules = (
			);
			dependencies = (
				CBB4117329280A6F009881DD /* PBXTargetDependency */,
			);
			name = treasuarUITests;
			productName = treasuarUITests;
			productReference = CBB4117129280A6F009881DD /* treasuarUITests.xctest */;
			productType = "com.apple.product-type.bundle.ui-testing";
		};
/* End PBXNativeTarget section */

/* Begin PBXProject section */
		CBB4114629280A6E009881DD /* Project object */ = {
			isa = PBXProject;
			attributes = {
				BuildIndependentTargetsInParallel = 1;
				LastSwiftUpdateCheck = 1330;
				LastUpgradeCheck = 1330;
				TargetAttributes = {
					CBB4114D29280A6E009881DD = {
						CreatedOnToolsVersion = 13.3.1;
					};
					CBB4116629280A6F009881DD = {
						CreatedOnToolsVersion = 13.3.1;
						TestTargetID = CBB4114D29280A6E009881DD;
					};
					CBB4117029280A6F009881DD = {
						CreatedOnToolsVersion = 13.3.1;
						TestTargetID = CBB4114D29280A6E009881DD;
					};
				};
			};
			buildConfigurationList = CBB4114929280A6E009881DD /* Build configuration list for PBXProject "treasuar" */;
			compatibilityVersion = "Xcode 13.0";
			developmentRegion = en;
			hasScannedForEncodings = 0;
			knownRegions = (
				en,
				Base,
			);
			mainGroup = CBB4114529280A6E009881DD;
			productRefGroup = CBB4114F29280A6E009881DD /* Products */;
			projectDirPath = "";
			projectRoot = "";
			targets = (
				CBB4114D29280A6E009881DD /* treasuar */,
				CBB4116629280A6F009881DD /* treasuarTests */,
				CBB4117029280A6F009881DD /* treasuarUITests */,
			);
		};
/* End PBXProject section */

/* Begin PBXResourcesBuildPhase section */
		CBB4114C29280A6E009881DD /* Resources */ = {
			isa = PBXResourcesBuildPhase;
			buildActionMask = 2147483647;
			files = (
				CB65D409292FA4900040FF8A /* LevelTigaVC.xib in Resources */,
				CBCB90782938F1F800D089D5 /* LevelFiveVC.xib in Resources */,
				24C106B7293908F300DD3C5E /* success2DEmpat.xib in Resources */,
				CBB4118829280B37009881DD /* toy.usdz in Resources */,
				CBCB907C2939167E00D089D5 /* koin.usdz in Resources */,
				CBCB90822939914200D089D5 /* grass.usdz in Resources */,
				24C10696293903A000DD3C5E /* arSuccessDua.xib in Resources */,
				24C1069D293904D700DD3C5E /* arSuccessEmpat.xib in Resources */,
				CBB4118A29280B37009881DD /* merah.usdz in Resources */,
				CBCB90602938786600D089D5 /* Main.storyboard in Resources */,
				24606F7F2938F74D004FFAD0 /* arSuccessSatu.xib in Resources */,
				CBCB906C2938D13C00D089D5 /* OptionThreeVC.xib in Resources */,
				CBCB90672938D13300D089D5 /* OptionDuaVC.xib in Resources */,
				24C106AB293907CA00DD3C5E /* success2DSatu.xib in Resources */,
				CBCB90632938D12900D089D5 /* OptionSatuVC.xib in Resources */,
				CBCB90742938D15300D089D5 /* OptionFiveVC.xib in Resources */,
				CBB411A129290823009881DD /* LevelThreeVC.xib in Resources */,
				24C106C2293CC89B00DD3C5E /* Boldhead.otf in Resources */,
				CB564D662936482100460BEF /* LevelLimaVC.xib in Resources */,
				CBB4118929280B37009881DD /* robot.usdz in Resources */,
				CBAF6594292E339E0017B554 /* LevelSatuVC.xib in Resources */,
				CBB4116129280A6F009881DD /* LaunchScreen.storyboard in Resources */,
				CBCB90702938D14600D089D5 /* OptionFourVC.xib in Resources */,
				CBB4115E29280A6F009881DD /* Assets.xcassets in Resources */,
				24C106B8293908F300DD3C5E /* success2DTiga.xib in Resources */,
				24C106BE29390A3400DD3C5E /* Success2DLima.xib in Resources */,
				CB9343AB2937EE2C0030D24E /* LevelFourVC.xib in Resources */,
				24C1069A2939043C00DD3C5E /* arSuccessTiga.xib in Resources */,
				CBCB905929381F8D00D089D5 /* LevelOneVC.xib in Resources */,
				CBAF6598292F232B0017B554 /* LevelDuaVC.xib in Resources */,
				24C106B6293908F300DD3C5E /* success2DDua.xib in Resources */,
				CBB4119D292907EA009881DD /* LevelTwoVC.xib in Resources */,
				CB9343AD2937EE2C0030D24E /* LevelEmpatVC.xib in Resources */,
				CBB4118B29280B37009881DD /* floor.usdz in Resources */,
				CB65D4152930FA2C0040FF8A /* LevelTigaCell.xib in Resources */,
				CBCB907E293916AA00D089D5 /* balok.usdz in Resources */,
				24C106A2293906DE00DD3C5E /* arSuccessLima.xib in Resources */,
			);
			runOnlyForDeploymentPostprocessing = 0;
		};
		CBB4116529280A6F009881DD /* Resources */ = {
			isa = PBXResourcesBuildPhase;
			buildActionMask = 2147483647;
			files = (
			);
			runOnlyForDeploymentPostprocessing = 0;
		};
		CBB4116F29280A6F009881DD /* Resources */ = {
			isa = PBXResourcesBuildPhase;
			buildActionMask = 2147483647;
			files = (
			);
			runOnlyForDeploymentPostprocessing = 0;
		};
/* End PBXResourcesBuildPhase section */

/* Begin PBXSourcesBuildPhase section */
		CBB4114A29280A6E009881DD /* Sources */ = {
			isa = PBXSourcesBuildPhase;
			buildActionMask = 2147483647;
			files = (
				CBCB90682938D13300D089D5 /* OptionDuaVC.swift in Sources */,
				CBB4115C29280A6E009881DD /* treasuar.xcdatamodeld in Sources */,
				CBCB906B2938D13C00D089D5 /* OptionThreeVC.swift in Sources */,
				CBB4119C292907EA009881DD /* LevelTwoVC.swift in Sources */,
				CBAF6593292E339E0017B554 /* LevelSatuVC.swift in Sources */,
				24C106BB293908F300DD3C5E /* success2DEmpat.swift in Sources */,
				CBB4118D29281664009881DD /* Experience.rcproject in Sources */,
				24C106BA293908F300DD3C5E /* success2DDua.swift in Sources */,
				24C10695293903A000DD3C5E /* arSuccessDua.swift in Sources */,
				24606F7E2938F74D004FFAD0 /* arSuccessSatu.swift in Sources */,
				24C106992939043C00DD3C5E /* arSuccessTiga.swift in Sources */,
				CB65D4142930FA2C0040FF8A /* LevelTigaCell.swift in Sources */,
				CBAF6597292F232B0017B554 /* LevelDuaVC.swift in Sources */,
				CBCB906F2938D14600D089D5 /* OptionFourVC.swift in Sources */,
				CBB4115229280A6E009881DD /* AppDelegate.swift in Sources */,
				24C106B5293908F300DD3C5E /* success2DTiga.swift in Sources */,
				CB1BBDDD2939F8E100233F79 /* ViewController.swift in Sources */,
				24C1069E293904D700DD3C5E /* arSuccessEmpat.swift in Sources */,
				24C106A1293906DE00DD3C5E /* arSuccessLima.swift in Sources */,
				CBCB90642938D12900D089D5 /* OptionSatuVC.swift in Sources */,
				CB564D642936482100460BEF /* LevelLimaVC.swift in Sources */,
				24C106AA293907CA00DD3C5E /* success2DSatu.swift in Sources */,
				24C106BF29390A3400DD3C5E /* Success2DLima.swift in Sources */,
				CBB411A029290823009881DD /* LevelThreeVC.swift in Sources */,
				CB9343AC2937EE2C0030D24E /* LevelFourVC.swift in Sources */,
				CB65D408292FA4900040FF8A /* LevelTigaVC.swift in Sources */,
				CB9343AE2937EE2C0030D24E /* LevelEmpatVC.swift in Sources */,
				CBB4115429280A6E009881DD /* SceneDelegate.swift in Sources */,
				CBCB90732938D15300D089D5 /* OptionFiveVC.swift in Sources */,
				CBCB905829381F8D00D089D5 /* LevelOneVC.swift in Sources */,
				CBCB90772938F1F800D089D5 /* LevelFiveVC.swift in Sources */,
			);
			runOnlyForDeploymentPostprocessing = 0;
		};
		CBB4116329280A6F009881DD /* Sources */ = {
			isa = PBXSourcesBuildPhase;
			buildActionMask = 2147483647;
			files = (
				CBB4116C29280A6F009881DD /* treasuarTests.swift in Sources */,
			);
			runOnlyForDeploymentPostprocessing = 0;
		};
		CBB4116D29280A6F009881DD /* Sources */ = {
			isa = PBXSourcesBuildPhase;
			buildActionMask = 2147483647;
			files = (
				CBB4117829280A6F009881DD /* treasuarUITestsLaunchTests.swift in Sources */,
				CBB4117629280A6F009881DD /* treasuarUITests.swift in Sources */,
			);
			runOnlyForDeploymentPostprocessing = 0;
		};
/* End PBXSourcesBuildPhase section */

/* Begin PBXTargetDependency section */
		CBB4116929280A6F009881DD /* PBXTargetDependency */ = {
			isa = PBXTargetDependency;
			target = CBB4114D29280A6E009881DD /* treasuar */;
			targetProxy = CBB4116829280A6F009881DD /* PBXContainerItemProxy */;
		};
		CBB4117329280A6F009881DD /* PBXTargetDependency */ = {
			isa = PBXTargetDependency;
			target = CBB4114D29280A6E009881DD /* treasuar */;
			targetProxy = CBB4117229280A6F009881DD /* PBXContainerItemProxy */;
		};
/* End PBXTargetDependency section */

/* Begin PBXVariantGroup section */
		CBB4115F29280A6F009881DD /* LaunchScreen.storyboard */ = {
			isa = PBXVariantGroup;
			children = (
				CBB4116029280A6F009881DD /* Base */,
			);
			name = LaunchScreen.storyboard;
			sourceTree = "<group>";
		};
		CBCB905E2938786600D089D5 /* Main.storyboard */ = {
			isa = PBXVariantGroup;
			children = (
				CBCB905F2938786600D089D5 /* Base */,
			);
			name = Main.storyboard;
			sourceTree = "<group>";
		};
/* End PBXVariantGroup section */

/* Begin XCBuildConfiguration section */
		CBB4117929280A6F009881DD /* Debug */ = {
			isa = XCBuildConfiguration;
			buildSettings = {
				ALWAYS_SEARCH_USER_PATHS = NO;
				CLANG_ANALYZER_NONNULL = YES;
				CLANG_ANALYZER_NUMBER_OBJECT_CONVERSION = YES_AGGRESSIVE;
				CLANG_CXX_LANGUAGE_STANDARD = "gnu++17";
				CLANG_ENABLE_MODULES = YES;
				CLANG_ENABLE_OBJC_ARC = YES;
				CLANG_ENABLE_OBJC_WEAK = YES;
				CLANG_WARN_BLOCK_CAPTURE_AUTORELEASING = YES;
				CLANG_WARN_BOOL_CONVERSION = YES;
				CLANG_WARN_COMMA = YES;
				CLANG_WARN_CONSTANT_CONVERSION = YES;
				CLANG_WARN_DEPRECATED_OBJC_IMPLEMENTATIONS = YES;
				CLANG_WARN_DIRECT_OBJC_ISA_USAGE = YES_ERROR;
				CLANG_WARN_DOCUMENTATION_COMMENTS = YES;
				CLANG_WARN_EMPTY_BODY = YES;
				CLANG_WARN_ENUM_CONVERSION = YES;
				CLANG_WARN_INFINITE_RECURSION = YES;
				CLANG_WARN_INT_CONVERSION = YES;
				CLANG_WARN_NON_LITERAL_NULL_CONVERSION = YES;
				CLANG_WARN_OBJC_IMPLICIT_RETAIN_SELF = YES;
				CLANG_WARN_OBJC_LITERAL_CONVERSION = YES;
				CLANG_WARN_OBJC_ROOT_CLASS = YES_ERROR;
				CLANG_WARN_QUOTED_INCLUDE_IN_FRAMEWORK_HEADER = YES;
				CLANG_WARN_RANGE_LOOP_ANALYSIS = YES;
				CLANG_WARN_STRICT_PROTOTYPES = YES;
				CLANG_WARN_SUSPICIOUS_MOVE = YES;
				CLANG_WARN_UNGUARDED_AVAILABILITY = YES_AGGRESSIVE;
				CLANG_WARN_UNREACHABLE_CODE = YES;
				CLANG_WARN__DUPLICATE_METHOD_MATCH = YES;
				COPY_PHASE_STRIP = NO;
				DEBUG_INFORMATION_FORMAT = dwarf;
				ENABLE_STRICT_OBJC_MSGSEND = YES;
				ENABLE_TESTABILITY = YES;
				GCC_C_LANGUAGE_STANDARD = gnu11;
				GCC_DYNAMIC_NO_PIC = NO;
				GCC_NO_COMMON_BLOCKS = YES;
				GCC_OPTIMIZATION_LEVEL = 0;
				GCC_PREPROCESSOR_DEFINITIONS = (
					"DEBUG=1",
					"$(inherited)",
				);
				GCC_WARN_64_TO_32_BIT_CONVERSION = YES;
				GCC_WARN_ABOUT_RETURN_TYPE = YES_ERROR;
				GCC_WARN_UNDECLARED_SELECTOR = YES;
				GCC_WARN_UNINITIALIZED_AUTOS = YES_AGGRESSIVE;
				GCC_WARN_UNUSED_FUNCTION = YES;
				GCC_WARN_UNUSED_VARIABLE = YES;
				IPHONEOS_DEPLOYMENT_TARGET = 15.4;
				MTL_ENABLE_DEBUG_INFO = INCLUDE_SOURCE;
				MTL_FAST_MATH = YES;
				ONLY_ACTIVE_ARCH = YES;
				SDKROOT = iphoneos;
				SWIFT_ACTIVE_COMPILATION_CONDITIONS = DEBUG;
				SWIFT_OPTIMIZATION_LEVEL = "-Onone";
			};
			name = Debug;
		};
		CBB4117A29280A6F009881DD /* Release */ = {
			isa = XCBuildConfiguration;
			buildSettings = {
				ALWAYS_SEARCH_USER_PATHS = NO;
				CLANG_ANALYZER_NONNULL = YES;
				CLANG_ANALYZER_NUMBER_OBJECT_CONVERSION = YES_AGGRESSIVE;
				CLANG_CXX_LANGUAGE_STANDARD = "gnu++17";
				CLANG_ENABLE_MODULES = YES;
				CLANG_ENABLE_OBJC_ARC = YES;
				CLANG_ENABLE_OBJC_WEAK = YES;
				CLANG_WARN_BLOCK_CAPTURE_AUTORELEASING = YES;
				CLANG_WARN_BOOL_CONVERSION = YES;
				CLANG_WARN_COMMA = YES;
				CLANG_WARN_CONSTANT_CONVERSION = YES;
				CLANG_WARN_DEPRECATED_OBJC_IMPLEMENTATIONS = YES;
				CLANG_WARN_DIRECT_OBJC_ISA_USAGE = YES_ERROR;
				CLANG_WARN_DOCUMENTATION_COMMENTS = YES;
				CLANG_WARN_EMPTY_BODY = YES;
				CLANG_WARN_ENUM_CONVERSION = YES;
				CLANG_WARN_INFINITE_RECURSION = YES;
				CLANG_WARN_INT_CONVERSION = YES;
				CLANG_WARN_NON_LITERAL_NULL_CONVERSION = YES;
				CLANG_WARN_OBJC_IMPLICIT_RETAIN_SELF = YES;
				CLANG_WARN_OBJC_LITERAL_CONVERSION = YES;
				CLANG_WARN_OBJC_ROOT_CLASS = YES_ERROR;
				CLANG_WARN_QUOTED_INCLUDE_IN_FRAMEWORK_HEADER = YES;
				CLANG_WARN_RANGE_LOOP_ANALYSIS = YES;
				CLANG_WARN_STRICT_PROTOTYPES = YES;
				CLANG_WARN_SUSPICIOUS_MOVE = YES;
				CLANG_WARN_UNGUARDED_AVAILABILITY = YES_AGGRESSIVE;
				CLANG_WARN_UNREACHABLE_CODE = YES;
				CLANG_WARN__DUPLICATE_METHOD_MATCH = YES;
				COPY_PHASE_STRIP = NO;
				DEBUG_INFORMATION_FORMAT = "dwarf-with-dsym";
				ENABLE_NS_ASSERTIONS = NO;
				ENABLE_STRICT_OBJC_MSGSEND = YES;
				GCC_C_LANGUAGE_STANDARD = gnu11;
				GCC_NO_COMMON_BLOCKS = YES;
				GCC_WARN_64_TO_32_BIT_CONVERSION = YES;
				GCC_WARN_ABOUT_RETURN_TYPE = YES_ERROR;
				GCC_WARN_UNDECLARED_SELECTOR = YES;
				GCC_WARN_UNINITIALIZED_AUTOS = YES_AGGRESSIVE;
				GCC_WARN_UNUSED_FUNCTION = YES;
				GCC_WARN_UNUSED_VARIABLE = YES;
				IPHONEOS_DEPLOYMENT_TARGET = 15.4;
				MTL_ENABLE_DEBUG_INFO = NO;
				MTL_FAST_MATH = YES;
				SDKROOT = iphoneos;
				SWIFT_COMPILATION_MODE = wholemodule;
				SWIFT_OPTIMIZATION_LEVEL = "-O";
				VALIDATE_PRODUCT = YES;
			};
			name = Release;
		};
		CBB4117C29280A6F009881DD /* Debug */ = {
			isa = XCBuildConfiguration;
			buildSettings = {
				ASSETCATALOG_COMPILER_APPICON_NAME = AppIcon;
				ASSETCATALOG_COMPILER_GLOBAL_ACCENT_COLOR_NAME = AccentColor;
				CODE_SIGN_STYLE = Automatic;
				CURRENT_PROJECT_VERSION = 1;
				DEVELOPMENT_TEAM = 4M5F5S23L2;
				GENERATE_INFOPLIST_FILE = YES;
				INFOPLIST_FILE = treasuar/Info.plist;
				INFOPLIST_KEY_NSCameraUsageDescription = "";
				INFOPLIST_KEY_UIApplicationSupportsIndirectInputEvents = YES;
				INFOPLIST_KEY_UILaunchStoryboardName = LaunchScreen;
				INFOPLIST_KEY_UIMainStoryboardFile = Main;
				INFOPLIST_KEY_UIRequiresFullScreen = YES;
				INFOPLIST_KEY_UIStatusBarStyle = UIStatusBarStyleLightContent;
				INFOPLIST_KEY_UISupportedInterfaceOrientations_iPad = "UIInterfaceOrientationLandscapeLeft UIInterfaceOrientationLandscapeRight";
				LD_RUNPATH_SEARCH_PATHS = (
					"$(inherited)",
					"@executable_path/Frameworks",
				);
				MARKETING_VERSION = 1.0;
				PRODUCT_BUNDLE_IDENTIFIER = aldi.treasuar;
				PRODUCT_NAME = "$(TARGET_NAME)";
				SWIFT_EMIT_LOC_STRINGS = YES;
				SWIFT_VERSION = 5.0;
				TARGETED_DEVICE_FAMILY = "1,2";
			};
			name = Debug;
		};
		CBB4117D29280A6F009881DD /* Release */ = {
			isa = XCBuildConfiguration;
			buildSettings = {
				ASSETCATALOG_COMPILER_APPICON_NAME = AppIcon;
				ASSETCATALOG_COMPILER_GLOBAL_ACCENT_COLOR_NAME = AccentColor;
				CODE_SIGN_STYLE = Automatic;
				CURRENT_PROJECT_VERSION = 1;
				DEVELOPMENT_TEAM = 4M5F5S23L2;
				GENERATE_INFOPLIST_FILE = YES;
				INFOPLIST_FILE = treasuar/Info.plist;
				INFOPLIST_KEY_NSCameraUsageDescription = "";
				INFOPLIST_KEY_UIApplicationSupportsIndirectInputEvents = YES;
				INFOPLIST_KEY_UILaunchStoryboardName = LaunchScreen;
				INFOPLIST_KEY_UIMainStoryboardFile = Main;
				INFOPLIST_KEY_UIRequiresFullScreen = YES;
				INFOPLIST_KEY_UIStatusBarStyle = UIStatusBarStyleLightContent;
				INFOPLIST_KEY_UISupportedInterfaceOrientations_iPad = "UIInterfaceOrientationLandscapeLeft UIInterfaceOrientationLandscapeRight";
				LD_RUNPATH_SEARCH_PATHS = (
					"$(inherited)",
					"@executable_path/Frameworks",
				);
				MARKETING_VERSION = 1.0;
				PRODUCT_BUNDLE_IDENTIFIER = aldi.treasuar;
				PRODUCT_NAME = "$(TARGET_NAME)";
				SWIFT_EMIT_LOC_STRINGS = YES;
				SWIFT_VERSION = 5.0;
				TARGETED_DEVICE_FAMILY = "1,2";
			};
			name = Release;
		};
		CBB4117F29280A6F009881DD /* Debug */ = {
			isa = XCBuildConfiguration;
			buildSettings = {
				ALWAYS_EMBED_SWIFT_STANDARD_LIBRARIES = YES;
				BUNDLE_LOADER = "$(TEST_HOST)";
				CODE_SIGN_STYLE = Automatic;
				CURRENT_PROJECT_VERSION = 1;
				GENERATE_INFOPLIST_FILE = YES;
				IPHONEOS_DEPLOYMENT_TARGET = 15.4;
				MARKETING_VERSION = 1.0;
				PRODUCT_BUNDLE_IDENTIFIER = aldi.treasuarTests;
				PRODUCT_NAME = "$(TARGET_NAME)";
				SWIFT_EMIT_LOC_STRINGS = NO;
				SWIFT_VERSION = 5.0;
				TARGETED_DEVICE_FAMILY = "1,2";
				TEST_HOST = "$(BUILT_PRODUCTS_DIR)/treasuar.app/treasuar";
			};
			name = Debug;
		};
		CBB4118029280A6F009881DD /* Release */ = {
			isa = XCBuildConfiguration;
			buildSettings = {
				ALWAYS_EMBED_SWIFT_STANDARD_LIBRARIES = YES;
				BUNDLE_LOADER = "$(TEST_HOST)";
				CODE_SIGN_STYLE = Automatic;
				CURRENT_PROJECT_VERSION = 1;
				GENERATE_INFOPLIST_FILE = YES;
				IPHONEOS_DEPLOYMENT_TARGET = 15.4;
				MARKETING_VERSION = 1.0;
				PRODUCT_BUNDLE_IDENTIFIER = aldi.treasuarTests;
				PRODUCT_NAME = "$(TARGET_NAME)";
				SWIFT_EMIT_LOC_STRINGS = NO;
				SWIFT_VERSION = 5.0;
				TARGETED_DEVICE_FAMILY = "1,2";
				TEST_HOST = "$(BUILT_PRODUCTS_DIR)/treasuar.app/treasuar";
			};
			name = Release;
		};
		CBB4118229280A6F009881DD /* Debug */ = {
			isa = XCBuildConfiguration;
			buildSettings = {
				ALWAYS_EMBED_SWIFT_STANDARD_LIBRARIES = YES;
				CODE_SIGN_STYLE = Automatic;
				CURRENT_PROJECT_VERSION = 1;
				GENERATE_INFOPLIST_FILE = YES;
				MARKETING_VERSION = 1.0;
				PRODUCT_BUNDLE_IDENTIFIER = aldi.treasuarUITests;
				PRODUCT_NAME = "$(TARGET_NAME)";
				SWIFT_EMIT_LOC_STRINGS = NO;
				SWIFT_VERSION = 5.0;
				TARGETED_DEVICE_FAMILY = "1,2";
				TEST_TARGET_NAME = treasuar;
			};
			name = Debug;
		};
		CBB4118329280A6F009881DD /* Release */ = {
			isa = XCBuildConfiguration;
			buildSettings = {
				ALWAYS_EMBED_SWIFT_STANDARD_LIBRARIES = YES;
				CODE_SIGN_STYLE = Automatic;
				CURRENT_PROJECT_VERSION = 1;
				GENERATE_INFOPLIST_FILE = YES;
				MARKETING_VERSION = 1.0;
				PRODUCT_BUNDLE_IDENTIFIER = aldi.treasuarUITests;
				PRODUCT_NAME = "$(TARGET_NAME)";
				SWIFT_EMIT_LOC_STRINGS = NO;
				SWIFT_VERSION = 5.0;
				TARGETED_DEVICE_FAMILY = "1,2";
				TEST_TARGET_NAME = treasuar;
			};
			name = Release;
		};
/* End XCBuildConfiguration section */

/* Begin XCConfigurationList section */
		CBB4114929280A6E009881DD /* Build configuration list for PBXProject "treasuar" */ = {
			isa = XCConfigurationList;
			buildConfigurations = (
				CBB4117929280A6F009881DD /* Debug */,
				CBB4117A29280A6F009881DD /* Release */,
			);
			defaultConfigurationIsVisible = 0;
			defaultConfigurationName = Release;
		};
		CBB4117B29280A6F009881DD /* Build configuration list for PBXNativeTarget "treasuar" */ = {
			isa = XCConfigurationList;
			buildConfigurations = (
				CBB4117C29280A6F009881DD /* Debug */,
				CBB4117D29280A6F009881DD /* Release */,
			);
			defaultConfigurationIsVisible = 0;
			defaultConfigurationName = Release;
		};
		CBB4117E29280A6F009881DD /* Build configuration list for PBXNativeTarget "treasuarTests" */ = {
			isa = XCConfigurationList;
			buildConfigurations = (
				CBB4117F29280A6F009881DD /* Debug */,
				CBB4118029280A6F009881DD /* Release */,
			);
			defaultConfigurationIsVisible = 0;
			defaultConfigurationName = Release;
		};
		CBB4118129280A6F009881DD /* Build configuration list for PBXNativeTarget "treasuarUITests" */ = {
			isa = XCConfigurationList;
			buildConfigurations = (
				CBB4118229280A6F009881DD /* Debug */,
				CBB4118329280A6F009881DD /* Release */,
			);
			defaultConfigurationIsVisible = 0;
			defaultConfigurationName = Release;
		};
/* End XCConfigurationList section */

/* Begin XCVersionGroup section */
		CBB4115A29280A6E009881DD /* treasuar.xcdatamodeld */ = {
			isa = XCVersionGroup;
			children = (
				CBB4115B29280A6E009881DD /* treasuar.xcdatamodel */,
			);
			currentVersion = CBB4115B29280A6E009881DD /* treasuar.xcdatamodel */;
			path = treasuar.xcdatamodeld;
			sourceTree = "<group>";
			versionGroupType = wrapper.xcdatamodel;
		};
/* End XCVersionGroup section */
	};
	rootObject = CBB4114629280A6E009881DD /* Project object */;
}
