// !$*UTF8*$!
{
	archiveVersion = 1;
	classes = {
	};
	objectVersion = 55;
	objects = {

/* Begin PBXBuildFile section */
		C3234732292DD69A00303F5C /* HomeVCViewController.swift in Sources */ = {isa = PBXBuildFile; fileRef = C3234730292DD69A00303F5C /* HomeVCViewController.swift */; };
		C3234733292DD69A00303F5C /* HomeVCViewController.xib in Resources */ = {isa = PBXBuildFile; fileRef = C3234731292DD69A00303F5C /* HomeVCViewController.xib */; };
		C3234735292DE7AA00303F5C /* ImageHomeViewController.swift in Sources */ = {isa = PBXBuildFile; fileRef = C3234734292DE7AA00303F5C /* ImageHomeViewController.swift */; };
		C386AEFC292DF13D0081AD5B /* Boldhead.otf in Resources */ = {isa = PBXBuildFile; fileRef = C386AEFA292DF13D0081AD5B /* Boldhead.otf */; };
		C386AEFD292DF13D0081AD5B /* Boldhead License.txt in Resources */ = {isa = PBXBuildFile; fileRef = C386AEFB292DF13D0081AD5B /* Boldhead License.txt */; };
		C392723B292E6114008ECA6A /* OnBoardingViewController.swift in Sources */ = {isa = PBXBuildFile; fileRef = C3927239292E6114008ECA6A /* OnBoardingViewController.swift */; };
		C392723C292E6114008ECA6A /* OnBoardingViewController.xib in Resources */ = {isa = PBXBuildFile; fileRef = C392723A292E6114008ECA6A /* OnBoardingViewController.xib */; };
		CBB4115229280A6E009881DD /* AppDelegate.swift in Sources */ = {isa = PBXBuildFile; fileRef = CBB4115129280A6E009881DD /* AppDelegate.swift */; };
		CBB4115429280A6E009881DD /* SceneDelegate.swift in Sources */ = {isa = PBXBuildFile; fileRef = CBB4115329280A6E009881DD /* SceneDelegate.swift */; };
		CBB4115629280A6E009881DD /* ViewController.swift in Sources */ = {isa = PBXBuildFile; fileRef = CBB4115529280A6E009881DD /* ViewController.swift */; };
		CBB4115929280A6E009881DD /* Main.storyboard in Resources */ = {isa = PBXBuildFile; fileRef = CBB4115729280A6E009881DD /* Main.storyboard */; };
		CBB4115C29280A6E009881DD /* treasuar.xcdatamodeld in Sources */ = {isa = PBXBuildFile; fileRef = CBB4115A29280A6E009881DD /* treasuar.xcdatamodeld */; };
		CBB4115E29280A6F009881DD /* Assets.xcassets in Resources */ = {isa = PBXBuildFile; fileRef = CBB4115D29280A6F009881DD /* Assets.xcassets */; };
		CBB4116129280A6F009881DD /* LaunchScreen.storyboard in Resources */ = {isa = PBXBuildFile; fileRef = CBB4115F29280A6F009881DD /* LaunchScreen.storyboard */; };
		CBB4116C29280A6F009881DD /* treasuarTests.swift in Sources */ = {isa = PBXBuildFile; fileRef = CBB4116B29280A6F009881DD /* treasuarTests.swift */; };
		CBB4117629280A6F009881DD /* treasuarUITests.swift in Sources */ = {isa = PBXBuildFile; fileRef = CBB4117529280A6F009881DD /* treasuarUITests.swift */; };
		CBB4117829280A6F009881DD /* treasuarUITestsLaunchTests.swift in Sources */ = {isa = PBXBuildFile; fileRef = CBB4117729280A6F009881DD /* treasuarUITestsLaunchTests.swift */; };
		CBB4118829280B37009881DD /* toy.usdz in Resources */ = {isa = PBXBuildFile; fileRef = CBB4118429280B36009881DD /* toy.usdz */; };
		CBB4118929280B37009881DD /* robot.usdz in Resources */ = {isa = PBXBuildFile; fileRef = CBB4118529280B37009881DD /* robot.usdz */; };
		CBB4118A29280B37009881DD /* merah.usdz in Resources */ = {isa = PBXBuildFile; fileRef = CBB4118629280B37009881DD /* merah.usdz */; };
		CBB4118B29280B37009881DD /* floor.usdz in Resources */ = {isa = PBXBuildFile; fileRef = CBB4118729280B37009881DD /* floor.usdz */; };
		CBB4118D29281664009881DD /* Experience.rcproject in Sources */ = {isa = PBXBuildFile; fileRef = CBB4118C29281664009881DD /* Experience.rcproject */; };
		CBB41198292907AC009881DD /* LevelOneVC.swift in Sources */ = {isa = PBXBuildFile; fileRef = CBB41196292907AC009881DD /* LevelOneVC.swift */; };
		CBB41199292907AC009881DD /* LevelOneVC.xib in Resources */ = {isa = PBXBuildFile; fileRef = CBB41197292907AC009881DD /* LevelOneVC.xib */; };
		CBB4119C292907EA009881DD /* LevelTwoVC.swift in Sources */ = {isa = PBXBuildFile; fileRef = CBB4119A292907EA009881DD /* LevelTwoVC.swift */; };
		CBB4119D292907EA009881DD /* LevelTwoVC.xib in Resources */ = {isa = PBXBuildFile; fileRef = CBB4119B292907EA009881DD /* LevelTwoVC.xib */; };
		CBB411A029290823009881DD /* LevelThreeVC.swift in Sources */ = {isa = PBXBuildFile; fileRef = CBB4119E29290823009881DD /* LevelThreeVC.swift */; };
		CBB411A129290823009881DD /* LevelThreeVC.xib in Resources */ = {isa = PBXBuildFile; fileRef = CBB4119F29290823009881DD /* LevelThreeVC.xib */; };
		CBB411A42929083D009881DD /* LevelFourVC.swift in Sources */ = {isa = PBXBuildFile; fileRef = CBB411A22929083D009881DD /* LevelFourVC.swift */; };
		CBB411A52929083D009881DD /* LevelFourVC.xib in Resources */ = {isa = PBXBuildFile; fileRef = CBB411A32929083D009881DD /* LevelFourVC.xib */; };
		CBB411A82929086A009881DD /* LevelFiveVC.swift in Sources */ = {isa = PBXBuildFile; fileRef = CBB411A62929086A009881DD /* LevelFiveVC.swift */; };
		CBB411A92929086A009881DD /* LevelFiveVC.xib in Resources */ = {isa = PBXBuildFile; fileRef = CBB411A72929086A009881DD /* LevelFiveVC.xib */; };
		CBB411AF292914FB009881DD /* PopUpModel.swift in Sources */ = {isa = PBXBuildFile; fileRef = CBB411AE292914FB009881DD /* PopUpModel.swift */; };
		CBB411B229291921009881DD /* buttonVc.swift in Sources */ = {isa = PBXBuildFile; fileRef = CBB411B029291921009881DD /* buttonVc.swift */; };
		CBB411B329291921009881DD /* buttonVc.xib in Resources */ = {isa = PBXBuildFile; fileRef = CBB411B129291921009881DD /* buttonVc.xib */; };
		CBB411B529293BEF009881DD /* PopUpData.swift in Sources */ = {isa = PBXBuildFile; fileRef = CBB411B429293BEF009881DD /* PopUpData.swift */; };
		CBB411B829294623009881DD /* Popup.swift in Sources */ = {isa = PBXBuildFile; fileRef = CBB411B629294623009881DD /* Popup.swift */; };
		CBB411B929294623009881DD /* Popup.xib in Resources */ = {isa = PBXBuildFile; fileRef = CBB411B729294623009881DD /* Popup.xib */; };
/* End PBXBuildFile section */

/* Begin PBXContainerItemProxy section */
		CBB4116829280A6F009881DD /* PBXContainerItemProxy */ = {
			isa = PBXContainerItemProxy;
			containerPortal = CBB4114629280A6E009881DD /* Project object */;
			proxyType = 1;
			remoteGlobalIDString = CBB4114D29280A6E009881DD;
			remoteInfo = treasuar;
		};
		CBB4117229280A6F009881DD /* PBXContainerItemProxy */ = {
			isa = PBXContainerItemProxy;
			containerPortal = CBB4114629280A6E009881DD /* Project object */;
			proxyType = 1;
			remoteGlobalIDString = CBB4114D29280A6E009881DD;
			remoteInfo = treasuar;
		};
/* End PBXContainerItemProxy section */

/* Begin PBXFileReference section */
		C3234730292DD69A00303F5C /* HomeVCViewController.swift */ = {isa = PBXFileReference; lastKnownFileType = sourcecode.swift; path = HomeVCViewController.swift; sourceTree = "<group>"; };
		C3234731292DD69A00303F5C /* HomeVCViewController.xib */ = {isa = PBXFileReference; lastKnownFileType = file.xib; path = HomeVCViewController.xib; sourceTree = "<group>"; };
		C3234734292DE7AA00303F5C /* ImageHomeViewController.swift */ = {isa = PBXFileReference; lastKnownFileType = sourcecode.swift; path = ImageHomeViewController.swift; sourceTree = "<group>"; };
		C386AEFA292DF13D0081AD5B /* Boldhead.otf */ = {isa = PBXFileReference; lastKnownFileType = file; path = Boldhead.otf; sourceTree = "<group>"; };
		C386AEFB292DF13D0081AD5B /* Boldhead License.txt */ = {isa = PBXFileReference; fileEncoding = 4; lastKnownFileType = text; path = "Boldhead License.txt"; sourceTree = "<group>"; };
		C3927239292E6114008ECA6A /* OnBoardingViewController.swift */ = {isa = PBXFileReference; lastKnownFileType = sourcecode.swift; path = OnBoardingViewController.swift; sourceTree = "<group>"; };
		C392723A292E6114008ECA6A /* OnBoardingViewController.xib */ = {isa = PBXFileReference; lastKnownFileType = file.xib; path = OnBoardingViewController.xib; sourceTree = "<group>"; };
		CBB4114E29280A6E009881DD /* treasuar.app */ = {isa = PBXFileReference; explicitFileType = wrapper.application; includeInIndex = 0; path = treasuar.app; sourceTree = BUILT_PRODUCTS_DIR; };
		CBB4115129280A6E009881DD /* AppDelegate.swift */ = {isa = PBXFileReference; lastKnownFileType = sourcecode.swift; path = AppDelegate.swift; sourceTree = "<group>"; };
		CBB4115329280A6E009881DD /* SceneDelegate.swift */ = {isa = PBXFileReference; lastKnownFileType = sourcecode.swift; path = SceneDelegate.swift; sourceTree = "<group>"; };
		CBB4115529280A6E009881DD /* ViewController.swift */ = {isa = PBXFileReference; lastKnownFileType = sourcecode.swift; path = ViewController.swift; sourceTree = "<group>"; };
		CBB4115829280A6E009881DD /* Base */ = {isa = PBXFileReference; lastKnownFileType = file.storyboard; name = Base; path = Base.lproj/Main.storyboard; sourceTree = "<group>"; };
		CBB4115B29280A6E009881DD /* treasuar.xcdatamodel */ = {isa = PBXFileReference; lastKnownFileType = wrapper.xcdatamodel; path = treasuar.xcdatamodel; sourceTree = "<group>"; };
		CBB4115D29280A6F009881DD /* Assets.xcassets */ = {isa = PBXFileReference; lastKnownFileType = folder.assetcatalog; path = Assets.xcassets; sourceTree = "<group>"; };
		CBB4116029280A6F009881DD /* Base */ = {isa = PBXFileReference; lastKnownFileType = file.storyboard; name = Base; path = Base.lproj/LaunchScreen.storyboard; sourceTree = "<group>"; };
		CBB4116229280A6F009881DD /* Info.plist */ = {isa = PBXFileReference; lastKnownFileType = text.plist.xml; path = Info.plist; sourceTree = "<group>"; };
		CBB4116729280A6F009881DD /* treasuarTests.xctest */ = {isa = PBXFileReference; explicitFileType = wrapper.cfbundle; includeInIndex = 0; path = treasuarTests.xctest; sourceTree = BUILT_PRODUCTS_DIR; };
		CBB4116B29280A6F009881DD /* treasuarTests.swift */ = {isa = PBXFileReference; lastKnownFileType = sourcecode.swift; path = treasuarTests.swift; sourceTree = "<group>"; };
		CBB4117129280A6F009881DD /* treasuarUITests.xctest */ = {isa = PBXFileReference; explicitFileType = wrapper.cfbundle; includeInIndex = 0; path = treasuarUITests.xctest; sourceTree = BUILT_PRODUCTS_DIR; };
		CBB4117529280A6F009881DD /* treasuarUITests.swift */ = {isa = PBXFileReference; lastKnownFileType = sourcecode.swift; path = treasuarUITests.swift; sourceTree = "<group>"; };
		CBB4117729280A6F009881DD /* treasuarUITestsLaunchTests.swift */ = {isa = PBXFileReference; lastKnownFileType = sourcecode.swift; path = treasuarUITestsLaunchTests.swift; sourceTree = "<group>"; };
		CBB4118429280B36009881DD /* toy.usdz */ = {isa = PBXFileReference; lastKnownFileType = file.usdz; path = toy.usdz; sourceTree = "<group>"; };
		CBB4118529280B37009881DD /* robot.usdz */ = {isa = PBXFileReference; lastKnownFileType = file.usdz; path = robot.usdz; sourceTree = "<group>"; };
		CBB4118629280B37009881DD /* merah.usdz */ = {isa = PBXFileReference; lastKnownFileType = file.usdz; path = merah.usdz; sourceTree = "<group>"; };
		CBB4118729280B37009881DD /* floor.usdz */ = {isa = PBXFileReference; lastKnownFileType = file.usdz; path = floor.usdz; sourceTree = "<group>"; };
		CBB4118C29281664009881DD /* Experience.rcproject */ = {isa = PBXFileReference; lastKnownFileType = file.rcproject; path = Experience.rcproject; sourceTree = "<group>"; };
		CBB41196292907AC009881DD /* LevelOneVC.swift */ = {isa = PBXFileReference; lastKnownFileType = sourcecode.swift; path = LevelOneVC.swift; sourceTree = "<group>"; };
		CBB41197292907AC009881DD /* LevelOneVC.xib */ = {isa = PBXFileReference; lastKnownFileType = file.xib; path = LevelOneVC.xib; sourceTree = "<group>"; };
		CBB4119A292907EA009881DD /* LevelTwoVC.swift */ = {isa = PBXFileReference; lastKnownFileType = sourcecode.swift; path = LevelTwoVC.swift; sourceTree = "<group>"; };
		CBB4119B292907EA009881DD /* LevelTwoVC.xib */ = {isa = PBXFileReference; lastKnownFileType = file.xib; path = LevelTwoVC.xib; sourceTree = "<group>"; };
		CBB4119E29290823009881DD /* LevelThreeVC.swift */ = {isa = PBXFileReference; lastKnownFileType = sourcecode.swift; path = LevelThreeVC.swift; sourceTree = "<group>"; };
		CBB4119F29290823009881DD /* LevelThreeVC.xib */ = {isa = PBXFileReference; lastKnownFileType = file.xib; path = LevelThreeVC.xib; sourceTree = "<group>"; };
		CBB411A22929083D009881DD /* LevelFourVC.swift */ = {isa = PBXFileReference; lastKnownFileType = sourcecode.swift; path = LevelFourVC.swift; sourceTree = "<group>"; };
		CBB411A32929083D009881DD /* LevelFourVC.xib */ = {isa = PBXFileReference; lastKnownFileType = file.xib; path = LevelFourVC.xib; sourceTree = "<group>"; };
		CBB411A62929086A009881DD /* LevelFiveVC.swift */ = {isa = PBXFileReference; lastKnownFileType = sourcecode.swift; path = LevelFiveVC.swift; sourceTree = "<group>"; };
		CBB411A72929086A009881DD /* LevelFiveVC.xib */ = {isa = PBXFileReference; lastKnownFileType = file.xib; path = LevelFiveVC.xib; sourceTree = "<group>"; };
		CBB411AE292914FB009881DD /* PopUpModel.swift */ = {isa = PBXFileReference; lastKnownFileType = sourcecode.swift; path = PopUpModel.swift; sourceTree = "<group>"; };
		CBB411B029291921009881DD /* buttonVc.swift */ = {isa = PBXFileReference; lastKnownFileType = sourcecode.swift; path = buttonVc.swift; sourceTree = "<group>"; };
		CBB411B129291921009881DD /* buttonVc.xib */ = {isa = PBXFileReference; lastKnownFileType = file.xib; path = buttonVc.xib; sourceTree = "<group>"; };
		CBB411B429293BEF009881DD /* PopUpData.swift */ = {isa = PBXFileReference; lastKnownFileType = sourcecode.swift; path = PopUpData.swift; sourceTree = "<group>"; };
		CBB411B629294623009881DD /* Popup.swift */ = {isa = PBXFileReference; lastKnownFileType = sourcecode.swift; path = Popup.swift; sourceTree = "<group>"; };
		CBB411B729294623009881DD /* Popup.xib */ = {isa = PBXFileReference; lastKnownFileType = file.xib; path = Popup.xib; sourceTree = "<group>"; };
/* End PBXFileReference section */

/* Begin PBXFrameworksBuildPhase section */
		CBB4114B29280A6E009881DD /* Frameworks */ = {
			isa = PBXFrameworksBuildPhase;
			buildActionMask = 2147483647;
			files = (
			);
			runOnlyForDeploymentPostprocessing = 0;
		};
		CBB4116429280A6F009881DD /* Frameworks */ = {
			isa = PBXFrameworksBuildPhase;
			buildActionMask = 2147483647;
			files = (
			);
			runOnlyForDeploymentPostprocessing = 0;
		};
		CBB4116E29280A6F009881DD /* Frameworks */ = {
			isa = PBXFrameworksBuildPhase;
			buildActionMask = 2147483647;
			files = (
			);
			runOnlyForDeploymentPostprocessing = 0;
		};
/* End PBXFrameworksBuildPhase section */

/* Begin PBXGroup section */
		C323472B292DD4FD00303F5C /* HomeView */ = {
			isa = PBXGroup;
			children = (
				C3234730292DD69A00303F5C /* HomeVCViewController.swift */,
				C3234734292DE7AA00303F5C /* ImageHomeViewController.swift */,
				C3234731292DD69A00303F5C /* HomeVCViewController.xib */,
			);
			path = HomeView;
			sourceTree = "<group>";
		};
		C386AEF9292DF13D0081AD5B /* Boldhead */ = {
			isa = PBXGroup;
			children = (
				C386AEFA292DF13D0081AD5B /* Boldhead.otf */,
				C386AEFB292DF13D0081AD5B /* Boldhead License.txt */,
			);
			path = Boldhead;
			sourceTree = "<group>";
		};
		C3927238292E60C4008ECA6A /* OnboardView */ = {
			isa = PBXGroup;
			children = (
				C3927239292E6114008ECA6A /* OnBoardingViewController.swift */,
				C392723A292E6114008ECA6A /* OnBoardingViewController.xib */,
			);
			path = OnboardView;
			sourceTree = "<group>";
		};
		CBB4114529280A6E009881DD = {
			isa = PBXGroup;
			children = (
				C386AEF9292DF13D0081AD5B /* Boldhead */,
				CBB4115029280A6E009881DD /* treasuar */,
				CBB4116A29280A6F009881DD /* treasuarTests */,
				CBB4117429280A6F009881DD /* treasuarUITests */,
				CBB4114F29280A6E009881DD /* Products */,
			);
			sourceTree = "<group>";
		};
		CBB4114F29280A6E009881DD /* Products */ = {
			isa = PBXGroup;
			children = (
				CBB4114E29280A6E009881DD /* treasuar.app */,
				CBB4116729280A6F009881DD /* treasuarTests.xctest */,
				CBB4117129280A6F009881DD /* treasuarUITests.xctest */,
			);
			name = Products;
			sourceTree = "<group>";
		};
		CBB4115029280A6E009881DD /* treasuar */ = {
			isa = PBXGroup;
			children = (
				C3927238292E60C4008ECA6A /* OnboardView */,
				C323472B292DD4FD00303F5C /* HomeView */,
				CBB411952929076B009881DD /* 3D Asset */,
				CBB4119429290728009881DD /* failedScreen */,
				CBB411932929071F009881DD /* button */,
				CBB4119229290708009881DD /* levelFive */,
				CBB41191292906FF009881DD /* levelFour */,
				CBB41190292906F5009881DD /* levelThree */,
				CBB4118F292906ED009881DD /* levelTwo */,
				CBB4118E292906D6009881DD /* levelOne */,
				CBB4118C29281664009881DD /* Experience.rcproject */,
				CBB4115129280A6E009881DD /* AppDelegate.swift */,
				CBB4115329280A6E009881DD /* SceneDelegate.swift */,
				CBB4115529280A6E009881DD /* ViewController.swift */,
				CBB4115729280A6E009881DD /* Main.storyboard */,
				CBB4115D29280A6F009881DD /* Assets.xcassets */,
				CBB4115F29280A6F009881DD /* LaunchScreen.storyboard */,
				CBB4116229280A6F009881DD /* Info.plist */,
				CBB4115A29280A6E009881DD /* treasuar.xcdatamodeld */,
			);
			path = treasuar;
			sourceTree = "<group>";
		};
		CBB4116A29280A6F009881DD /* treasuarTests */ = {
			isa = PBXGroup;
			children = (
				CBB4116B29280A6F009881DD /* treasuarTests.swift */,
			);
			path = treasuarTests;
			sourceTree = "<group>";
		};
		CBB4117429280A6F009881DD /* treasuarUITests */ = {
			isa = PBXGroup;
			children = (
				CBB4117529280A6F009881DD /* treasuarUITests.swift */,
				CBB4117729280A6F009881DD /* treasuarUITestsLaunchTests.swift */,
			);
			path = treasuarUITests;
			sourceTree = "<group>";
		};
		CBB4118E292906D6009881DD /* levelOne */ = {
			isa = PBXGroup;
			children = (
				CBB41196292907AC009881DD /* LevelOneVC.swift */,
				CBB41197292907AC009881DD /* LevelOneVC.xib */,
			);
			path = levelOne;
			sourceTree = "<group>";
		};
		CBB4118F292906ED009881DD /* levelTwo */ = {
			isa = PBXGroup;
			children = (
				CBB4119A292907EA009881DD /* LevelTwoVC.swift */,
				CBB4119B292907EA009881DD /* LevelTwoVC.xib */,
			);
			path = levelTwo;
			sourceTree = "<group>";
		};
		CBB41190292906F5009881DD /* levelThree */ = {
			isa = PBXGroup;
			children = (
				CBB4119E29290823009881DD /* LevelThreeVC.swift */,
				CBB4119F29290823009881DD /* LevelThreeVC.xib */,
			);
			path = levelThree;
			sourceTree = "<group>";
		};
		CBB41191292906FF009881DD /* levelFour */ = {
			isa = PBXGroup;
			children = (
				CBB411A22929083D009881DD /* LevelFourVC.swift */,
				CBB411A32929083D009881DD /* LevelFourVC.xib */,
			);
			path = levelFour;
			sourceTree = "<group>";
		};
		CBB4119229290708009881DD /* levelFive */ = {
			isa = PBXGroup;
			children = (
				CBB411A62929086A009881DD /* LevelFiveVC.swift */,
				CBB411A72929086A009881DD /* LevelFiveVC.xib */,
			);
			path = levelFive;
			sourceTree = "<group>";
		};
		CBB411932929071F009881DD /* button */ = {
			isa = PBXGroup;
			children = (
				CBB411B029291921009881DD /* buttonVc.swift */,
				CBB411B129291921009881DD /* buttonVc.xib */,
			);
			path = button;
			sourceTree = "<group>";
		};
		CBB4119429290728009881DD /* failedScreen */ = {
			isa = PBXGroup;
			children = (
				CBB411AE292914FB009881DD /* PopUpModel.swift */,
				CBB411B429293BEF009881DD /* PopUpData.swift */,
				CBB411B629294623009881DD /* Popup.swift */,
				CBB411B729294623009881DD /* Popup.xib */,
			);
			path = failedScreen;
			sourceTree = "<group>";
		};
		CBB411952929076B009881DD /* 3D Asset */ = {
			isa = PBXGroup;
			children = (
				CBB4118729280B37009881DD /* floor.usdz */,
				CBB4118629280B37009881DD /* merah.usdz */,
				CBB4118529280B37009881DD /* robot.usdz */,
				CBB4118429280B36009881DD /* toy.usdz */,
			);
			path = "3D Asset";
			sourceTree = "<group>";
		};
/* End PBXGroup section */

/* Begin PBXNativeTarget section */
		CBB4114D29280A6E009881DD /* treasuar */ = {
			isa = PBXNativeTarget;
			buildConfigurationList = CBB4117B29280A6F009881DD /* Build configuration list for PBXNativeTarget "treasuar" */;
			buildPhases = (
				CBB4114A29280A6E009881DD /* Sources */,
				CBB4114B29280A6E009881DD /* Frameworks */,
				CBB4114C29280A6E009881DD /* Resources */,
			);
			buildRules = (
			);
			dependencies = (
			);
			name = treasuar;
			productName = treasuar;
			productReference = CBB4114E29280A6E009881DD /* treasuar.app */;
			productType = "com.apple.product-type.application";
		};
		CBB4116629280A6F009881DD /* treasuarTests */ = {
			isa = PBXNativeTarget;
			buildConfigurationList = CBB4117E29280A6F009881DD /* Build configuration list for PBXNativeTarget "treasuarTests" */;
			buildPhases = (
				CBB4116329280A6F009881DD /* Sources */,
				CBB4116429280A6F009881DD /* Frameworks */,
				CBB4116529280A6F009881DD /* Resources */,
			);
			buildRules = (
			);
			dependencies = (
				CBB4116929280A6F009881DD /* PBXTargetDependency */,
			);
			name = treasuarTests;
			productName = treasuarTests;
			productReference = CBB4116729280A6F009881DD /* treasuarTests.xctest */;
			productType = "com.apple.product-type.bundle.unit-test";
		};
		CBB4117029280A6F009881DD /* treasuarUITests */ = {
			isa = PBXNativeTarget;
			buildConfigurationList = CBB4118129280A6F009881DD /* Build configuration list for PBXNativeTarget "treasuarUITests" */;
			buildPhases = (
				CBB4116D29280A6F009881DD /* Sources */,
				CBB4116E29280A6F009881DD /* Frameworks */,
				CBB4116F29280A6F009881DD /* Resources */,
			);
			buildRules = (
			);
			dependencies = (
				CBB4117329280A6F009881DD /* PBXTargetDependency */,
			);
			name = treasuarUITests;
			productName = treasuarUITests;
			productReference = CBB4117129280A6F009881DD /* treasuarUITests.xctest */;
			productType = "com.apple.product-type.bundle.ui-testing";
		};
/* End PBXNativeTarget section */

/* Begin PBXProject section */
		CBB4114629280A6E009881DD /* Project object */ = {
			isa = PBXProject;
			attributes = {
				BuildIndependentTargetsInParallel = 1;
				LastSwiftUpdateCheck = 1330;
				LastUpgradeCheck = 1330;
				TargetAttributes = {
					CBB4114D29280A6E009881DD = {
						CreatedOnToolsVersion = 13.3.1;
					};
					CBB4116629280A6F009881DD = {
						CreatedOnToolsVersion = 13.3.1;
						TestTargetID = CBB4114D29280A6E009881DD;
					};
					CBB4117029280A6F009881DD = {
						CreatedOnToolsVersion = 13.3.1;
						TestTargetID = CBB4114D29280A6E009881DD;
					};
				};
			};
			buildConfigurationList = CBB4114929280A6E009881DD /* Build configuration list for PBXProject "treasuar" */;
			compatibilityVersion = "Xcode 13.0";
			developmentRegion = en;
			hasScannedForEncodings = 0;
			knownRegions = (
				en,
				Base,
			);
			mainGroup = CBB4114529280A6E009881DD;
			productRefGroup = CBB4114F29280A6E009881DD /* Products */;
			projectDirPath = "";
			projectRoot = "";
			targets = (
				CBB4114D29280A6E009881DD /* treasuar */,
				CBB4116629280A6F009881DD /* treasuarTests */,
				CBB4117029280A6F009881DD /* treasuarUITests */,
			);
		};
/* End PBXProject section */

/* Begin PBXResourcesBuildPhase section */
		CBB4114C29280A6E009881DD /* Resources */ = {
			isa = PBXResourcesBuildPhase;
			buildActionMask = 2147483647;
			files = (
				CBB4118829280B37009881DD /* toy.usdz in Resources */,
				CBB4118A29280B37009881DD /* merah.usdz in Resources */,
				CBB411A129290823009881DD /* LevelThreeVC.xib in Resources */,
				C3234733292DD69A00303F5C /* HomeVCViewController.xib in Resources */,
				CBB411B929294623009881DD /* Popup.xib in Resources */,
				CBB41199292907AC009881DD /* LevelOneVC.xib in Resources */,
				C386AEFC292DF13D0081AD5B /* Boldhead.otf in Resources */,
				CBB4118929280B37009881DD /* robot.usdz in Resources */,
				CBB4116129280A6F009881DD /* LaunchScreen.storyboard in Resources */,
				CBB4115E29280A6F009881DD /* Assets.xcassets in Resources */,
				CBB411B329291921009881DD /* buttonVc.xib in Resources */,
				CBB4119D292907EA009881DD /* LevelTwoVC.xib in Resources */,
				C386AEFD292DF13D0081AD5B /* Boldhead License.txt in Resources */,
				CBB411A52929083D009881DD /* LevelFourVC.xib in Resources */,
				CBB4118B29280B37009881DD /* floor.usdz in Resources */,
				C392723C292E6114008ECA6A /* OnBoardingViewController.xib in Resources */,
				CBB4115929280A6E009881DD /* Main.storyboard in Resources */,
				CBB411A92929086A009881DD /* LevelFiveVC.xib in Resources */,
			);
			runOnlyForDeploymentPostprocessing = 0;
		};
		CBB4116529280A6F009881DD /* Resources */ = {
			isa = PBXResourcesBuildPhase;
			buildActionMask = 2147483647;
			files = (
			);
			runOnlyForDeploymentPostprocessing = 0;
		};
		CBB4116F29280A6F009881DD /* Resources */ = {
			isa = PBXResourcesBuildPhase;
			buildActionMask = 2147483647;
			files = (
			);
			runOnlyForDeploymentPostprocessing = 0;
		};
/* End PBXResourcesBuildPhase section */

/* Begin PBXSourcesBuildPhase section */
		CBB4114A29280A6E009881DD /* Sources */ = {
			isa = PBXSourcesBuildPhase;
			buildActionMask = 2147483647;
			files = (
				CBB41198292907AC009881DD /* LevelOneVC.swift in Sources */,
				CBB4115C29280A6E009881DD /* treasuar.xcdatamodeld in Sources */,
				CBB4119C292907EA009881DD /* LevelTwoVC.swift in Sources */,
				C3234735292DE7AA00303F5C /* ImageHomeViewController.swift in Sources */,
				CBB4118D29281664009881DD /* Experience.rcproject in Sources */,
				CBB411B229291921009881DD /* buttonVc.swift in Sources */,
				CBB4115629280A6E009881DD /* ViewController.swift in Sources */,
				CBB411A82929086A009881DD /* LevelFiveVC.swift in Sources */,
				C3234732292DD69A00303F5C /* HomeVCViewController.swift in Sources */,
				CBB4115229280A6E009881DD /* AppDelegate.swift in Sources */,
				CBB411A029290823009881DD /* LevelThreeVC.swift in Sources */,
				CBB411A42929083D009881DD /* LevelFourVC.swift in Sources */,
				CBB411AF292914FB009881DD /* PopUpModel.swift in Sources */,
				CBB411B829294623009881DD /* Popup.swift in Sources */,
				CBB411B529293BEF009881DD /* PopUpData.swift in Sources */,
				CBB4115429280A6E009881DD /* SceneDelegate.swift in Sources */,
				C392723B292E6114008ECA6A /* OnBoardingViewController.swift in Sources */,
			);
			runOnlyForDeploymentPostprocessing = 0;
		};
		CBB4116329280A6F009881DD /* Sources */ = {
			isa = PBXSourcesBuildPhase;
			buildActionMask = 2147483647;
			files = (
				CBB4116C29280A6F009881DD /* treasuarTests.swift in Sources */,
			);
			runOnlyForDeploymentPostprocessing = 0;
		};
		CBB4116D29280A6F009881DD /* Sources */ = {
			isa = PBXSourcesBuildPhase;
			buildActionMask = 2147483647;
			files = (
				CBB4117829280A6F009881DD /* treasuarUITestsLaunchTests.swift in Sources */,
				CBB4117629280A6F009881DD /* treasuarUITests.swift in Sources */,
			);
			runOnlyForDeploymentPostprocessing = 0;
		};
/* End PBXSourcesBuildPhase section */

/* Begin PBXTargetDependency section */
		CBB4116929280A6F009881DD /* PBXTargetDependency */ = {
			isa = PBXTargetDependency;
			target = CBB4114D29280A6E009881DD /* treasuar */;
			targetProxy = CBB4116829280A6F009881DD /* PBXContainerItemProxy */;
		};
		CBB4117329280A6F009881DD /* PBXTargetDependency */ = {
			isa = PBXTargetDependency;
			target = CBB4114D29280A6E009881DD /* treasuar */;
			targetProxy = CBB4117229280A6F009881DD /* PBXContainerItemProxy */;
		};
/* End PBXTargetDependency section */

/* Begin PBXVariantGroup section */
		CBB4115729280A6E009881DD /* Main.storyboard */ = {
			isa = PBXVariantGroup;
			children = (
				CBB4115829280A6E009881DD /* Base */,
			);
			name = Main.storyboard;
			sourceTree = "<group>";
		};
		CBB4115F29280A6F009881DD /* LaunchScreen.storyboard */ = {
			isa = PBXVariantGroup;
			children = (
				CBB4116029280A6F009881DD /* Base */,
			);
			name = LaunchScreen.storyboard;
			sourceTree = "<group>";
		};
/* End PBXVariantGroup section */

/* Begin XCBuildConfiguration section */
		CBB4117929280A6F009881DD /* Debug */ = {
			isa = XCBuildConfiguration;
			buildSettings = {
				ALWAYS_SEARCH_USER_PATHS = NO;
				CLANG_ANALYZER_NONNULL = YES;
				CLANG_ANALYZER_NUMBER_OBJECT_CONVERSION = YES_AGGRESSIVE;
				CLANG_CXX_LANGUAGE_STANDARD = "gnu++17";
				CLANG_ENABLE_MODULES = YES;
				CLANG_ENABLE_OBJC_ARC = YES;
				CLANG_ENABLE_OBJC_WEAK = YES;
				CLANG_WARN_BLOCK_CAPTURE_AUTORELEASING = YES;
				CLANG_WARN_BOOL_CONVERSION = YES;
				CLANG_WARN_COMMA = YES;
				CLANG_WARN_CONSTANT_CONVERSION = YES;
				CLANG_WARN_DEPRECATED_OBJC_IMPLEMENTATIONS = YES;
				CLANG_WARN_DIRECT_OBJC_ISA_USAGE = YES_ERROR;
				CLANG_WARN_DOCUMENTATION_COMMENTS = YES;
				CLANG_WARN_EMPTY_BODY = YES;
				CLANG_WARN_ENUM_CONVERSION = YES;
				CLANG_WARN_INFINITE_RECURSION = YES;
				CLANG_WARN_INT_CONVERSION = YES;
				CLANG_WARN_NON_LITERAL_NULL_CONVERSION = YES;
				CLANG_WARN_OBJC_IMPLICIT_RETAIN_SELF = YES;
				CLANG_WARN_OBJC_LITERAL_CONVERSION = YES;
				CLANG_WARN_OBJC_ROOT_CLASS = YES_ERROR;
				CLANG_WARN_QUOTED_INCLUDE_IN_FRAMEWORK_HEADER = YES;
				CLANG_WARN_RANGE_LOOP_ANALYSIS = YES;
				CLANG_WARN_STRICT_PROTOTYPES = YES;
				CLANG_WARN_SUSPICIOUS_MOVE = YES;
				CLANG_WARN_UNGUARDED_AVAILABILITY = YES_AGGRESSIVE;
				CLANG_WARN_UNREACHABLE_CODE = YES;
				CLANG_WARN__DUPLICATE_METHOD_MATCH = YES;
				COPY_PHASE_STRIP = NO;
				DEBUG_INFORMATION_FORMAT = dwarf;
				ENABLE_STRICT_OBJC_MSGSEND = YES;
				ENABLE_TESTABILITY = YES;
				GCC_C_LANGUAGE_STANDARD = gnu11;
				GCC_DYNAMIC_NO_PIC = NO;
				GCC_NO_COMMON_BLOCKS = YES;
				GCC_OPTIMIZATION_LEVEL = 0;
				GCC_PREPROCESSOR_DEFINITIONS = (
					"DEBUG=1",
					"$(inherited)",
				);
				GCC_WARN_64_TO_32_BIT_CONVERSION = YES;
				GCC_WARN_ABOUT_RETURN_TYPE = YES_ERROR;
				GCC_WARN_UNDECLARED_SELECTOR = YES;
				GCC_WARN_UNINITIALIZED_AUTOS = YES_AGGRESSIVE;
				GCC_WARN_UNUSED_FUNCTION = YES;
				GCC_WARN_UNUSED_VARIABLE = YES;
				IPHONEOS_DEPLOYMENT_TARGET = 15.4;
				MTL_ENABLE_DEBUG_INFO = INCLUDE_SOURCE;
				MTL_FAST_MATH = YES;
				ONLY_ACTIVE_ARCH = YES;
				SDKROOT = iphoneos;
				SWIFT_ACTIVE_COMPILATION_CONDITIONS = DEBUG;
				SWIFT_OPTIMIZATION_LEVEL = "-Onone";
			};
			name = Debug;
		};
		CBB4117A29280A6F009881DD /* Release */ = {
			isa = XCBuildConfiguration;
			buildSettings = {
				ALWAYS_SEARCH_USER_PATHS = NO;
				CLANG_ANALYZER_NONNULL = YES;
				CLANG_ANALYZER_NUMBER_OBJECT_CONVERSION = YES_AGGRESSIVE;
				CLANG_CXX_LANGUAGE_STANDARD = "gnu++17";
				CLANG_ENABLE_MODULES = YES;
				CLANG_ENABLE_OBJC_ARC = YES;
				CLANG_ENABLE_OBJC_WEAK = YES;
				CLANG_WARN_BLOCK_CAPTURE_AUTORELEASING = YES;
				CLANG_WARN_BOOL_CONVERSION = YES;
				CLANG_WARN_COMMA = YES;
				CLANG_WARN_CONSTANT_CONVERSION = YES;
				CLANG_WARN_DEPRECATED_OBJC_IMPLEMENTATIONS = YES;
				CLANG_WARN_DIRECT_OBJC_ISA_USAGE = YES_ERROR;
				CLANG_WARN_DOCUMENTATION_COMMENTS = YES;
				CLANG_WARN_EMPTY_BODY = YES;
				CLANG_WARN_ENUM_CONVERSION = YES;
				CLANG_WARN_INFINITE_RECURSION = YES;
				CLANG_WARN_INT_CONVERSION = YES;
				CLANG_WARN_NON_LITERAL_NULL_CONVERSION = YES;
				CLANG_WARN_OBJC_IMPLICIT_RETAIN_SELF = YES;
				CLANG_WARN_OBJC_LITERAL_CONVERSION = YES;
				CLANG_WARN_OBJC_ROOT_CLASS = YES_ERROR;
				CLANG_WARN_QUOTED_INCLUDE_IN_FRAMEWORK_HEADER = YES;
				CLANG_WARN_RANGE_LOOP_ANALYSIS = YES;
				CLANG_WARN_STRICT_PROTOTYPES = YES;
				CLANG_WARN_SUSPICIOUS_MOVE = YES;
				CLANG_WARN_UNGUARDED_AVAILABILITY = YES_AGGRESSIVE;
				CLANG_WARN_UNREACHABLE_CODE = YES;
				CLANG_WARN__DUPLICATE_METHOD_MATCH = YES;
				COPY_PHASE_STRIP = NO;
				DEBUG_INFORMATION_FORMAT = "dwarf-with-dsym";
				ENABLE_NS_ASSERTIONS = NO;
				ENABLE_STRICT_OBJC_MSGSEND = YES;
				GCC_C_LANGUAGE_STANDARD = gnu11;
				GCC_NO_COMMON_BLOCKS = YES;
				GCC_WARN_64_TO_32_BIT_CONVERSION = YES;
				GCC_WARN_ABOUT_RETURN_TYPE = YES_ERROR;
				GCC_WARN_UNDECLARED_SELECTOR = YES;
				GCC_WARN_UNINITIALIZED_AUTOS = YES_AGGRESSIVE;
				GCC_WARN_UNUSED_FUNCTION = YES;
				GCC_WARN_UNUSED_VARIABLE = YES;
				IPHONEOS_DEPLOYMENT_TARGET = 15.4;
				MTL_ENABLE_DEBUG_INFO = NO;
				MTL_FAST_MATH = YES;
				SDKROOT = iphoneos;
				SWIFT_COMPILATION_MODE = wholemodule;
				SWIFT_OPTIMIZATION_LEVEL = "-O";
				VALIDATE_PRODUCT = YES;
			};
			name = Release;
		};
		CBB4117C29280A6F009881DD /* Debug */ = {
			isa = XCBuildConfiguration;
			buildSettings = {
				ASSETCATALOG_COMPILER_APPICON_NAME = AppIcon;
				ASSETCATALOG_COMPILER_GLOBAL_ACCENT_COLOR_NAME = AccentColor;
				CODE_SIGN_STYLE = Automatic;
				CURRENT_PROJECT_VERSION = 1;
				DEVELOPMENT_TEAM = JY4LC4DV9B;
				GENERATE_INFOPLIST_FILE = YES;
				INFOPLIST_FILE = treasuar/Info.plist;
				INFOPLIST_KEY_NSCameraUsageDescription = "Use Camera";
				INFOPLIST_KEY_UIApplicationSupportsIndirectInputEvents = YES;
				INFOPLIST_KEY_UILaunchStoryboardName = LaunchScreen;
				INFOPLIST_KEY_UIMainStoryboardFile = Main;
				INFOPLIST_KEY_UISupportedInterfaceOrientations_iPad = "UIInterfaceOrientationPortrait UIInterfaceOrientationPortraitUpsideDown UIInterfaceOrientationLandscapeLeft UIInterfaceOrientationLandscapeRight";
				INFOPLIST_KEY_UISupportedInterfaceOrientations_iPhone = "UIInterfaceOrientationPortrait UIInterfaceOrientationLandscapeLeft UIInterfaceOrientationLandscapeRight";
				LD_RUNPATH_SEARCH_PATHS = (
					"$(inherited)",
					"@executable_path/Frameworks",
				);
				MARKETING_VERSION = 1.0;
				PRODUCT_BUNDLE_IDENTIFIER = aldi.treasuar;
				PRODUCT_NAME = "$(TARGET_NAME)";
				SWIFT_EMIT_LOC_STRINGS = YES;
				SWIFT_VERSION = 5.0;
				TARGETED_DEVICE_FAMILY = "1,2";
			};
			name = Debug;
		};
		CBB4117D29280A6F009881DD /* Release */ = {
			isa = XCBuildConfiguration;
			buildSettings = {
				ASSETCATALOG_COMPILER_APPICON_NAME = AppIcon;
				ASSETCATALOG_COMPILER_GLOBAL_ACCENT_COLOR_NAME = AccentColor;
				CODE_SIGN_STYLE = Automatic;
				CURRENT_PROJECT_VERSION = 1;
				DEVELOPMENT_TEAM = JY4LC4DV9B;
				GENERATE_INFOPLIST_FILE = YES;
				INFOPLIST_FILE = treasuar/Info.plist;
				INFOPLIST_KEY_NSCameraUsageDescription = "Use Camera";
				INFOPLIST_KEY_UIApplicationSupportsIndirectInputEvents = YES;
				INFOPLIST_KEY_UILaunchStoryboardName = LaunchScreen;
				INFOPLIST_KEY_UIMainStoryboardFile = Main;
				INFOPLIST_KEY_UISupportedInterfaceOrientations_iPad = "UIInterfaceOrientationPortrait UIInterfaceOrientationPortraitUpsideDown UIInterfaceOrientationLandscapeLeft UIInterfaceOrientationLandscapeRight";
				INFOPLIST_KEY_UISupportedInterfaceOrientations_iPhone = "UIInterfaceOrientationPortrait UIInterfaceOrientationLandscapeLeft UIInterfaceOrientationLandscapeRight";
				LD_RUNPATH_SEARCH_PATHS = (
					"$(inherited)",
					"@executable_path/Frameworks",
				);
				MARKETING_VERSION = 1.0;
				PRODUCT_BUNDLE_IDENTIFIER = aldi.treasuar;
				PRODUCT_NAME = "$(TARGET_NAME)";
				SWIFT_EMIT_LOC_STRINGS = YES;
				SWIFT_VERSION = 5.0;
				TARGETED_DEVICE_FAMILY = "1,2";
			};
			name = Release;
		};
		CBB4117F29280A6F009881DD /* Debug */ = {
			isa = XCBuildConfiguration;
			buildSettings = {
				ALWAYS_EMBED_SWIFT_STANDARD_LIBRARIES = YES;
				BUNDLE_LOADER = "$(TEST_HOST)";
				CODE_SIGN_STYLE = Automatic;
				CURRENT_PROJECT_VERSION = 1;
				DEVELOPMENT_TEAM = JY4LC4DV9B;
				GENERATE_INFOPLIST_FILE = YES;
				IPHONEOS_DEPLOYMENT_TARGET = 15.4;
				MARKETING_VERSION = 1.0;
				PRODUCT_BUNDLE_IDENTIFIER = aldi.treasuarTests;
				PRODUCT_NAME = "$(TARGET_NAME)";
				SWIFT_EMIT_LOC_STRINGS = NO;
				SWIFT_VERSION = 5.0;
				TARGETED_DEVICE_FAMILY = "1,2";
				TEST_HOST = "$(BUILT_PRODUCTS_DIR)/treasuar.app/treasuar";
			};
			name = Debug;
		};
		CBB4118029280A6F009881DD /* Release */ = {
			isa = XCBuildConfiguration;
			buildSettings = {
				ALWAYS_EMBED_SWIFT_STANDARD_LIBRARIES = YES;
				BUNDLE_LOADER = "$(TEST_HOST)";
				CODE_SIGN_STYLE = Automatic;
				CURRENT_PROJECT_VERSION = 1;
				GENERATE_INFOPLIST_FILE = YES;
				IPHONEOS_DEPLOYMENT_TARGET = 15.4;
				MARKETING_VERSION = 1.0;
				PRODUCT_BUNDLE_IDENTIFIER = aldi.treasuarTests;
				PRODUCT_NAME = "$(TARGET_NAME)";
				SWIFT_EMIT_LOC_STRINGS = NO;
				SWIFT_VERSION = 5.0;
				TARGETED_DEVICE_FAMILY = "1,2";
				TEST_HOST = "$(BUILT_PRODUCTS_DIR)/treasuar.app/treasuar";
			};
			name = Release;
		};
		CBB4118229280A6F009881DD /* Debug */ = {
			isa = XCBuildConfiguration;
			buildSettings = {
				ALWAYS_EMBED_SWIFT_STANDARD_LIBRARIES = YES;
				CODE_SIGN_STYLE = Automatic;
				CURRENT_PROJECT_VERSION = 1;
				DEVELOPMENT_TEAM = JY4LC4DV9B;
				GENERATE_INFOPLIST_FILE = YES;
				MARKETING_VERSION = 1.0;
				PRODUCT_BUNDLE_IDENTIFIER = aldi.treasuarUITests;
				PRODUCT_NAME = "$(TARGET_NAME)";
				SWIFT_EMIT_LOC_STRINGS = NO;
				SWIFT_VERSION = 5.0;
				TARGETED_DEVICE_FAMILY = "1,2";
				TEST_TARGET_NAME = treasuar;
			};
			name = Debug;
		};
		CBB4118329280A6F009881DD /* Release */ = {
			isa = XCBuildConfiguration;
			buildSettings = {
				ALWAYS_EMBED_SWIFT_STANDARD_LIBRARIES = YES;
				CODE_SIGN_STYLE = Automatic;
				CURRENT_PROJECT_VERSION = 1;
				GENERATE_INFOPLIST_FILE = YES;
				MARKETING_VERSION = 1.0;
				PRODUCT_BUNDLE_IDENTIFIER = aldi.treasuarUITests;
				PRODUCT_NAME = "$(TARGET_NAME)";
				SWIFT_EMIT_LOC_STRINGS = NO;
				SWIFT_VERSION = 5.0;
				TARGETED_DEVICE_FAMILY = "1,2";
				TEST_TARGET_NAME = treasuar;
			};
			name = Release;
		};
/* End XCBuildConfiguration section */

/* Begin XCConfigurationList section */
		CBB4114929280A6E009881DD /* Build configuration list for PBXProject "treasuar" */ = {
			isa = XCConfigurationList;
			buildConfigurations = (
				CBB4117929280A6F009881DD /* Debug */,
				CBB4117A29280A6F009881DD /* Release */,
			);
			defaultConfigurationIsVisible = 0;
			defaultConfigurationName = Release;
		};
		CBB4117B29280A6F009881DD /* Build configuration list for PBXNativeTarget "treasuar" */ = {
			isa = XCConfigurationList;
			buildConfigurations = (
				CBB4117C29280A6F009881DD /* Debug */,
				CBB4117D29280A6F009881DD /* Release */,
			);
			defaultConfigurationIsVisible = 0;
			defaultConfigurationName = Release;
		};
		CBB4117E29280A6F009881DD /* Build configuration list for PBXNativeTarget "treasuarTests" */ = {
			isa = XCConfigurationList;
			buildConfigurations = (
				CBB4117F29280A6F009881DD /* Debug */,
				CBB4118029280A6F009881DD /* Release */,
			);
			defaultConfigurationIsVisible = 0;
			defaultConfigurationName = Release;
		};
		CBB4118129280A6F009881DD /* Build configuration list for PBXNativeTarget "treasuarUITests" */ = {
			isa = XCConfigurationList;
			buildConfigurations = (
				CBB4118229280A6F009881DD /* Debug */,
				CBB4118329280A6F009881DD /* Release */,
			);
			defaultConfigurationIsVisible = 0;
			defaultConfigurationName = Release;
		};
/* End XCConfigurationList section */

/* Begin XCVersionGroup section */
		CBB4115A29280A6E009881DD /* treasuar.xcdatamodeld */ = {
			isa = XCVersionGroup;
			children = (
				CBB4115B29280A6E009881DD /* treasuar.xcdatamodel */,
			);
			currentVersion = CBB4115B29280A6E009881DD /* treasuar.xcdatamodel */;
			path = treasuar.xcdatamodeld;
			sourceTree = "<group>";
			versionGroupType = wrapper.xcdatamodel;
		};
/* End XCVersionGroup section */
	};
	rootObject = CBB4114629280A6E009881DD /* Project object */;
}
